{
  "version": 4,
  "terraform_version": "1.6.5",
  "serial": 202,
  "lineage": "06c9947b-72f0-470a-7457-8fd468a14acf",
  "outputs": {
    "api_gateway_url_us_east_1": {
      "value": "https://rewai2y4hh.execute-api.us-east-1.amazonaws.com/prod",
      "type": "string"
    },
    "api_gateway_url_us_west_2": {
      "value": "https://c0dhkom3fj.execute-api.us-west-2.amazonaws.com/prod",
      "type": "string"
    },
    "lambda_arn_us_east_1": {
      "value": "arn:aws:lambda:us-east-1:072581526228:function:lambda_function_us_east_1",
      "type": "string"
    },
    "lambda_arn_us_west_2": {
      "value": "arn:aws:lambda:us-west-2:072581526228:function:lambda_function_us_west_2",
      "type": "string"
    }
  },
  "resources": [
    {
      "mode": "managed",
      "type": "random_id",
      "name": "stack_id",
      "provider": "provider[\"registry.terraform.io/hashicorp/random\"]",
      "instances": [
        {
          "schema_version": 0,
          "attributes": {
            "b64_std": "nLUgLTrLBxc=",
            "b64_url": "nLUgLTrLBxc",
            "byte_length": 8,
            "dec": "11291967019333388055",
            "hex": "9cb5202d3acb0717",
            "id": "nLUgLTrLBxc",
            "keepers": null,
            "prefix": null
          },
          "sensitive_attributes": []
        }
      ]
    },
    {
      "module": "module.api_gateway_us_east_1",
      "mode": "managed",
      "type": "aws_api_gateway_deployment",
      "name": "deployment",
      "provider": "module.api_gateway_us_east_1.provider[\"registry.terraform.io/hashicorp/aws\"]",
      "instances": [
        {
          "schema_version": 0,
          "attributes": {
            "created_date": "2024-01-18T10:06:05Z",
            "description": "",
            "execution_arn": "arn:aws:execute-api:us-east-1:072581526228:rewai2y4hh/prod",
            "id": "jicoxc",
            "invoke_url": "https://rewai2y4hh.execute-api.us-east-1.amazonaws.com/prod",
            "rest_api_id": "rewai2y4hh",
            "stage_description": null,
            "stage_name": "prod",
            "triggers": null,
            "variables": null
          },
          "sensitive_attributes": [],
          "private": "bnVsbA==",
          "dependencies": [
            "module.api_gateway_us_east_1.aws_api_gateway_integration.integration",
            "module.api_gateway_us_east_1.aws_api_gateway_method.method",
            "module.api_gateway_us_east_1.aws_api_gateway_resource.resource",
            "module.api_gateway_us_east_1.aws_api_gateway_rest_api.api",
            "module.lambda_us_east_1.aws_lambda_function.summarise_function",
            "module.lambda_us_east_1.aws_s3_bucket.deployment_bucket",
            "module.lambda_us_east_1.aws_s3_object.summarise_deployment_package",
            "module.lambda_us_east_1.data.aws_iam_role.existing",
            "random_id.stack_id"
          ]
        }
      ]
    },
    {
      "module": "module.api_gateway_us_east_1",
      "mode": "managed",
      "type": "aws_api_gateway_integration",
      "name": "integration",
      "provider": "module.api_gateway_us_east_1.provider[\"registry.terraform.io/hashicorp/aws\"]",
      "instances": [
        {
          "schema_version": 0,
          "attributes": {
            "cache_key_parameters": [],
            "cache_namespace": "yvdvwi",
            "connection_id": "",
            "connection_type": "INTERNET",
            "content_handling": "",
            "credentials": "",
            "http_method": "ANY",
            "id": "agi-rewai2y4hh-yvdvwi-ANY",
            "integration_http_method": "POST",
            "passthrough_behavior": "WHEN_NO_MATCH",
            "request_parameters": {},
            "request_templates": {},
            "resource_id": "yvdvwi",
            "rest_api_id": "rewai2y4hh",
            "timeout_milliseconds": 29000,
            "tls_config": [],
            "type": "AWS_PROXY",
            "uri": "arn:aws:apigateway:us-east-1:lambda:path/2015-03-31/functions/arn:aws:lambda:us-east-1:072581526228:function:lambda_function_us_east_1/invocations"
          },
          "sensitive_attributes": [],
          "private": "bnVsbA==",
          "dependencies": [
            "module.api_gateway_us_east_1.aws_api_gateway_method.method",
            "module.api_gateway_us_east_1.aws_api_gateway_resource.resource",
            "module.api_gateway_us_east_1.aws_api_gateway_rest_api.api",
            "module.lambda_us_east_1.aws_lambda_function.summarise_function",
            "module.lambda_us_east_1.aws_s3_bucket.deployment_bucket",
            "module.lambda_us_east_1.aws_s3_object.summarise_deployment_package",
            "module.lambda_us_east_1.data.aws_iam_role.existing",
            "random_id.stack_id"
          ]
        }
      ]
    },
    {
      "module": "module.api_gateway_us_east_1",
      "mode": "managed",
      "type": "aws_api_gateway_method",
      "name": "method",
      "provider": "module.api_gateway_us_east_1.provider[\"registry.terraform.io/hashicorp/aws\"]",
      "instances": [
        {
          "schema_version": 0,
          "attributes": {
            "api_key_required": false,
            "authorization": "NONE",
            "authorization_scopes": [],
            "authorizer_id": "",
            "http_method": "ANY",
            "id": "agm-rewai2y4hh-yvdvwi-ANY",
            "operation_name": "",
            "request_models": {},
            "request_parameters": {},
            "request_validator_id": "",
            "resource_id": "yvdvwi",
            "rest_api_id": "rewai2y4hh"
          },
          "sensitive_attributes": [],
          "private": "bnVsbA==",
          "dependencies": [
            "module.api_gateway_us_east_1.aws_api_gateway_resource.resource",
            "module.api_gateway_us_east_1.aws_api_gateway_rest_api.api"
          ]
        }
      ]
    },
    {
      "module": "module.api_gateway_us_east_1",
      "mode": "managed",
      "type": "aws_api_gateway_resource",
      "name": "resource",
      "provider": "module.api_gateway_us_east_1.provider[\"registry.terraform.io/hashicorp/aws\"]",
      "instances": [
        {
          "schema_version": 0,
          "attributes": {
            "id": "yvdvwi",
            "parent_id": "i0dw9gw7pi",
            "path": "/{proxy+}",
            "path_part": "{proxy+}",
            "rest_api_id": "rewai2y4hh"
          },
          "sensitive_attributes": [],
          "private": "bnVsbA==",
          "dependencies": [
            "module.api_gateway_us_east_1.aws_api_gateway_rest_api.api"
          ]
        }
      ]
    },
    {
      "module": "module.api_gateway_us_east_1",
      "mode": "managed",
      "type": "aws_api_gateway_rest_api",
      "name": "api",
      "provider": "module.api_gateway_us_east_1.provider[\"registry.terraform.io/hashicorp/aws\"]",
      "instances": [
        {
          "schema_version": 0,
          "attributes": {
            "api_key_source": "HEADER",
            "arn": "arn:aws:apigateway:us-east-1::/restapis/rewai2y4hh",
            "binary_media_types": [],
            "body": null,
            "created_date": "2024-01-18T10:05:51Z",
            "description": "API for summarization",
            "disable_execute_api_endpoint": false,
            "endpoint_configuration": [
              {
                "types": [
                  "EDGE"
                ],
                "vpc_endpoint_ids": []
              }
            ],
            "execution_arn": "arn:aws:execute-api:us-east-1:072581526228:rewai2y4hh",
            "fail_on_warnings": null,
            "id": "rewai2y4hh",
            "minimum_compression_size": "",
            "name": "SummarizationAPI",
            "parameters": null,
            "policy": "",
            "put_rest_api_mode": null,
            "root_resource_id": "i0dw9gw7pi",
            "tags": {},
            "tags_all": {}
          },
          "sensitive_attributes": [],
          "private": "bnVsbA=="
        }
      ]
    },
    {
      "module": "module.api_gateway_us_east_1",
      "mode": "managed",
      "type": "aws_lambda_permission",
      "name": "apigw",
      "provider": "module.api_gateway_us_east_1.provider[\"registry.terraform.io/hashicorp/aws\"]",
      "instances": [
        {
          "schema_version": 0,
          "attributes": {
            "action": "lambda:InvokeFunction",
            "event_source_token": null,
            "function_name": "lambda_function_us_east_1",
            "function_url_auth_type": null,
            "id": "AllowAPIGatewayInvoke",
            "principal": "apigateway.amazonaws.com",
            "principal_org_id": null,
            "qualifier": "",
            "source_account": null,
            "source_arn": "arn:aws:execute-api:us-east-1:072581526228:rewai2y4hh/prod/*/*",
            "statement_id": "AllowAPIGatewayInvoke",
            "statement_id_prefix": ""
          },
          "sensitive_attributes": [],
          "private": "bnVsbA==",
          "dependencies": [
            "module.api_gateway_us_east_1.aws_api_gateway_deployment.deployment",
            "module.api_gateway_us_east_1.aws_api_gateway_integration.integration",
            "module.api_gateway_us_east_1.aws_api_gateway_method.method",
            "module.api_gateway_us_east_1.aws_api_gateway_resource.resource",
            "module.api_gateway_us_east_1.aws_api_gateway_rest_api.api",
            "module.lambda_us_east_1.aws_lambda_function.summarise_function",
            "module.lambda_us_east_1.aws_s3_bucket.deployment_bucket",
            "module.lambda_us_east_1.aws_s3_object.summarise_deployment_package",
            "module.lambda_us_east_1.data.aws_iam_role.existing",
            "random_id.stack_id"
          ]
        }
      ]
    },
    {
      "module": "module.api_gateway_us_west_2",
      "mode": "managed",
      "type": "aws_api_gateway_deployment",
      "name": "deployment",
      "provider": "module.api_gateway_us_west_2.provider[\"registry.terraform.io/hashicorp/aws\"]",
      "instances": [
        {
          "schema_version": 0,
          "attributes": {
            "created_date": "2024-01-18T10:06:09Z",
            "description": "",
            "execution_arn": "arn:aws:execute-api:us-west-2:072581526228:c0dhkom3fj/prod",
            "id": "jujp6k",
            "invoke_url": "https://c0dhkom3fj.execute-api.us-west-2.amazonaws.com/prod",
            "rest_api_id": "c0dhkom3fj",
            "stage_description": null,
            "stage_name": "prod",
            "triggers": null,
            "variables": null
          },
          "sensitive_attributes": [],
          "private": "bnVsbA==",
          "dependencies": [
            "module.api_gateway_us_west_2.aws_api_gateway_integration.integration",
            "module.api_gateway_us_west_2.aws_api_gateway_method.method",
            "module.api_gateway_us_west_2.aws_api_gateway_resource.resource",
            "module.api_gateway_us_west_2.aws_api_gateway_rest_api.api",
            "module.lambda_us_west_2.aws_lambda_function.summarise_function",
            "module.lambda_us_west_2.aws_s3_bucket.deployment_bucket",
            "module.lambda_us_west_2.aws_s3_object.summarise_deployment_package",
            "module.lambda_us_west_2.data.aws_iam_role.existing",
            "random_id.stack_id"
          ]
        }
      ]
    },
    {
      "module": "module.api_gateway_us_west_2",
      "mode": "managed",
      "type": "aws_api_gateway_integration",
      "name": "integration",
      "provider": "module.api_gateway_us_west_2.provider[\"registry.terraform.io/hashicorp/aws\"]",
      "instances": [
        {
          "schema_version": 0,
          "attributes": {
            "cache_key_parameters": [],
            "cache_namespace": "q8hydk",
            "connection_id": "",
            "connection_type": "INTERNET",
            "content_handling": "",
            "credentials": "",
            "http_method": "ANY",
            "id": "agi-c0dhkom3fj-q8hydk-ANY",
            "integration_http_method": "POST",
            "passthrough_behavior": "WHEN_NO_MATCH",
            "request_parameters": {},
            "request_templates": {},
            "resource_id": "q8hydk",
            "rest_api_id": "c0dhkom3fj",
            "timeout_milliseconds": 29000,
            "tls_config": [],
            "type": "AWS_PROXY",
            "uri": "arn:aws:apigateway:us-west-2:lambda:path/2015-03-31/functions/arn:aws:lambda:us-west-2:072581526228:function:lambda_function_us_west_2/invocations"
          },
          "sensitive_attributes": [],
          "private": "bnVsbA==",
          "dependencies": [
            "module.api_gateway_us_west_2.aws_api_gateway_method.method",
            "module.api_gateway_us_west_2.aws_api_gateway_resource.resource",
            "module.api_gateway_us_west_2.aws_api_gateway_rest_api.api",
            "module.lambda_us_west_2.aws_lambda_function.summarise_function",
            "module.lambda_us_west_2.aws_s3_bucket.deployment_bucket",
            "module.lambda_us_west_2.aws_s3_object.summarise_deployment_package",
            "module.lambda_us_west_2.data.aws_iam_role.existing",
            "random_id.stack_id"
          ]
        }
      ]
    },
    {
      "module": "module.api_gateway_us_west_2",
      "mode": "managed",
      "type": "aws_api_gateway_method",
      "name": "method",
      "provider": "module.api_gateway_us_west_2.provider[\"registry.terraform.io/hashicorp/aws\"]",
      "instances": [
        {
          "schema_version": 0,
          "attributes": {
            "api_key_required": false,
            "authorization": "NONE",
            "authorization_scopes": [],
            "authorizer_id": "",
            "http_method": "ANY",
            "id": "agm-c0dhkom3fj-q8hydk-ANY",
            "operation_name": "",
            "request_models": {},
            "request_parameters": {},
            "request_validator_id": "",
            "resource_id": "q8hydk",
            "rest_api_id": "c0dhkom3fj"
          },
          "sensitive_attributes": [],
          "private": "bnVsbA==",
          "dependencies": [
            "module.api_gateway_us_west_2.aws_api_gateway_resource.resource",
            "module.api_gateway_us_west_2.aws_api_gateway_rest_api.api"
          ]
        }
      ]
    },
    {
      "module": "module.api_gateway_us_west_2",
      "mode": "managed",
      "type": "aws_api_gateway_resource",
      "name": "resource",
      "provider": "module.api_gateway_us_west_2.provider[\"registry.terraform.io/hashicorp/aws\"]",
      "instances": [
        {
          "schema_version": 0,
          "attributes": {
            "id": "q8hydk",
            "parent_id": "5jdxnt5ipg",
            "path": "/{proxy+}",
            "path_part": "{proxy+}",
            "rest_api_id": "c0dhkom3fj"
          },
          "sensitive_attributes": [],
          "private": "bnVsbA==",
          "dependencies": [
            "module.api_gateway_us_west_2.aws_api_gateway_rest_api.api"
          ]
        }
      ]
    },
    {
      "module": "module.api_gateway_us_west_2",
      "mode": "managed",
      "type": "aws_api_gateway_rest_api",
      "name": "api",
      "provider": "module.api_gateway_us_west_2.provider[\"registry.terraform.io/hashicorp/aws\"]",
      "instances": [
        {
          "schema_version": 0,
          "attributes": {
            "api_key_source": "HEADER",
            "arn": "arn:aws:apigateway:us-west-2::/restapis/c0dhkom3fj",
            "binary_media_types": [],
            "body": null,
            "created_date": "2024-01-18T10:05:51Z",
            "description": "API for summarization",
            "disable_execute_api_endpoint": false,
            "endpoint_configuration": [
              {
                "types": [
                  "EDGE"
                ],
                "vpc_endpoint_ids": []
              }
            ],
            "execution_arn": "arn:aws:execute-api:us-west-2:072581526228:c0dhkom3fj",
            "fail_on_warnings": null,
            "id": "c0dhkom3fj",
            "minimum_compression_size": "",
            "name": "SummarizationAPI",
            "parameters": null,
            "policy": "",
            "put_rest_api_mode": null,
            "root_resource_id": "5jdxnt5ipg",
            "tags": {},
            "tags_all": {}
          },
          "sensitive_attributes": [],
          "private": "bnVsbA=="
        }
      ]
    },
    {
      "module": "module.api_gateway_us_west_2",
      "mode": "managed",
      "type": "aws_lambda_permission",
      "name": "apigw",
      "provider": "module.api_gateway_us_west_2.provider[\"registry.terraform.io/hashicorp/aws\"]",
      "instances": [
        {
          "schema_version": 0,
          "attributes": {
            "action": "lambda:InvokeFunction",
            "event_source_token": null,
            "function_name": "lambda_function_us_west_2",
            "function_url_auth_type": null,
            "id": "AllowAPIGatewayInvoke",
            "principal": "apigateway.amazonaws.com",
            "principal_org_id": null,
            "qualifier": "",
            "source_account": null,
            "source_arn": "arn:aws:execute-api:us-west-2:072581526228:c0dhkom3fj/prod/*/*",
            "statement_id": "AllowAPIGatewayInvoke",
            "statement_id_prefix": ""
          },
          "sensitive_attributes": [],
          "private": "bnVsbA==",
          "dependencies": [
            "module.api_gateway_us_west_2.aws_api_gateway_deployment.deployment",
            "module.api_gateway_us_west_2.aws_api_gateway_integration.integration",
            "module.api_gateway_us_west_2.aws_api_gateway_method.method",
            "module.api_gateway_us_west_2.aws_api_gateway_resource.resource",
            "module.api_gateway_us_west_2.aws_api_gateway_rest_api.api",
            "module.lambda_us_west_2.aws_lambda_function.summarise_function",
            "module.lambda_us_west_2.aws_s3_bucket.deployment_bucket",
            "module.lambda_us_west_2.aws_s3_object.summarise_deployment_package",
            "module.lambda_us_west_2.data.aws_iam_role.existing",
            "random_id.stack_id"
          ]
        }
      ]
    },
    {
      "module": "module.lambda_us_east_1",
      "mode": "data",
      "type": "aws_iam_role",
      "name": "existing",
      "provider": "module.lambda_us_east_1.provider[\"registry.terraform.io/hashicorp/aws\"]",
      "instances": [
        {
          "schema_version": 0,
          "attributes": {
            "arn": "arn:aws:iam::072581526228:role/LabRole",
            "assume_role_policy": "{\"Version\":\"2012-10-17\",\"Statement\":[{\"Effect\":\"Allow\",\"Principal\":{\"Service\":[\"codewhisperer.amazonaws.com\",\"codedeploy.amazonaws.com\",\"secretsmanager.amazonaws.com\",\"kendra.amazonaws.com\",\"redshift.amazonaws.com\",\"athena.amazonaws.com\",\"cloud9.amazonaws.com\",\"lex.amazonaws.com\",\"credentials.iot.amazonaws.com\",\"ssm.amazonaws.com\",\"kms.amazonaws.com\",\"sagemaker.amazonaws.com\",\"resource-groups.amazonaws.com\",\"ec2.application-autoscaling.amazonaws.com\",\"iotanalytics.amazonaws.com\",\"cloudformation.amazonaws.com\",\"iot.amazonaws.com\",\"elasticloadbalancing.amazonaws.com\",\"sns.amazonaws.com\",\"s3.amazonaws.com\",\"lambda.amazonaws.com\",\"ec2.amazonaws.com\",\"personalize.amazonaws.com\",\"cloudfront.amazonaws.com\",\"eks.amazonaws.com\",\"application-autoscaling.amazonaws.com\",\"elasticfilesystem.amazonaws.com\",\"rekognition.amazonaws.com\",\"apigateway.amazonaws.com\",\"sqs.amazonaws.com\",\"rds.amazonaws.com\",\"kinesisanalytics.amazonaws.com\",\"kinesis.amazonaws.com\",\"forecast.amazonaws.com\",\"datapipeline.amazonaws.com\",\"cognito-idp.amazonaws.com\",\"dynamodb.amazonaws.com\",\"ecs-tasks.amazonaws.com\",\"backup.amazonaws.com\",\"databrew.amazonaws.com\",\"eks-fargate-pods.amazonaws.com\",\"servicecatalog.amazonaws.com\",\"batch.amazonaws.com\",\"autoscaling.amazonaws.com\",\"quicksight.amazonaws.com\",\"states.amazonaws.com\",\"robomaker.amazonaws.com\",\"iotevents.amazonaws.com\",\"storagegateway.amazonaws.com\",\"scheduler.amazonaws.com\",\"cloudtrail.amazonaws.com\",\"deepracer.amazonaws.com\",\"glue.amazonaws.com\",\"elasticmapreduce.amazonaws.com\",\"logs.amazonaws.com\",\"firehose.amazonaws.com\",\"codecommit.amazonaws.com\",\"elasticbeanstalk.amazonaws.com\",\"events.amazonaws.com\"],\"AWS\":\"arn:aws:iam::072581526228:role/LabRole\"},\"Action\":\"sts:AssumeRole\"}]}",
            "create_date": "2023-11-29T08:15:04Z",
            "description": "",
            "id": "LabRole",
            "max_session_duration": 3600,
            "name": "LabRole",
            "path": "/",
            "permissions_boundary": "",
            "role_last_used": [
              {
                "last_used_date": "2024-01-18T10:58:42Z",
                "region": "us-east-1"
              }
            ],
            "tags": {
              "cloudlab": "c102111a2339460l5371462t1w072581526228"
            },
            "unique_id": "AROARBZRSGLKEVNZKIGPA"
          },
          "sensitive_attributes": []
        }
      ]
    },
    {
      "module": "module.lambda_us_east_1",
      "mode": "managed",
      "type": "aws_lambda_function",
      "name": "summarise_function",
      "provider": "module.lambda_us_east_1.provider[\"registry.terraform.io/hashicorp/aws\"]",
      "instances": [
        {
          "schema_version": 0,
          "attributes": {
            "architectures": [
              "x86_64"
            ],
            "arn": "arn:aws:lambda:us-east-1:072581526228:function:lambda_function_us_east_1",
            "code_signing_config_arn": "",
            "dead_letter_config": [],
            "description": "",
            "environment": [],
            "ephemeral_storage": [
              {
                "size": 512
              }
            ],
            "file_system_config": [],
            "filename": null,
            "function_name": "lambda_function_us_east_1",
            "handler": "function.summarise::handleRequest",
            "id": "lambda_function_us_east_1",
            "image_config": [],
            "image_uri": "",
            "invoke_arn": "arn:aws:apigateway:us-east-1:lambda:path/2015-03-31/functions/arn:aws:lambda:us-east-1:072581526228:function:lambda_function_us_east_1/invocations",
            "kms_key_arn": "",
            "last_modified": "2024-01-18T11:20:33.000+0000",
            "layers": [],
            "logging_config": [
              {
                "application_log_level": "",
                "log_format": "Text",
                "log_group": "/aws/lambda/lambda_function_us_east_1",
                "system_log_level": ""
              }
            ],
            "memory_size": 512,
            "package_type": "Zip",
            "publish": false,
            "qualified_arn": "arn:aws:lambda:us-east-1:072581526228:function:lambda_function_us_east_1:$LATEST",
            "qualified_invoke_arn": "arn:aws:apigateway:us-east-1:lambda:path/2015-03-31/functions/arn:aws:lambda:us-east-1:072581526228:function:lambda_function_us_east_1:$LATEST/invocations",
            "replace_security_groups_on_destroy": null,
            "replacement_security_group_ids": null,
            "reserved_concurrent_executions": -1,
            "role": "arn:aws:iam::072581526228:role/LabRole",
            "runtime": "java11",
            "s3_bucket": "deployment-packages-us-east-1-9cb5202d3acb0717",
            "s3_key": "summarize.jar",
            "s3_object_version": null,
            "signing_job_arn": "",
            "signing_profile_version_arn": "",
            "skip_destroy": false,
            "snap_start": [],
            "source_code_hash": "my4q6lmknMqCV+WpCc2QLEdO3d5OieN5s9vR1mVvT3o=",
            "source_code_size": 62481462,
            "tags": {},
            "tags_all": {},
            "timeout": 900,
            "timeouts": null,
            "tracing_config": [
              {
                "mode": "PassThrough"
              }
            ],
            "version": "$LATEST",
            "vpc_config": []
          },
          "sensitive_attributes": [],
          "private": "eyJlMmJmYjczMC1lY2FhLTExZTYtOGY4OC0zNDM2M2JjN2M0YzAiOnsiY3JlYXRlIjo2MDAwMDAwMDAwMDAsImRlbGV0ZSI6NjAwMDAwMDAwMDAwLCJ1cGRhdGUiOjYwMDAwMDAwMDAwMH19",
          "dependencies": [
            "module.lambda_us_east_1.aws_s3_bucket.deployment_bucket",
            "module.lambda_us_east_1.aws_s3_object.summarise_deployment_package",
            "module.lambda_us_east_1.data.aws_iam_role.existing",
            "random_id.stack_id"
          ]
        }
      ]
    },
    {
      "module": "module.lambda_us_east_1",
      "mode": "managed",
      "type": "aws_s3_bucket",
      "name": "deployment_bucket",
      "provider": "module.lambda_us_east_1.provider[\"registry.terraform.io/hashicorp/aws\"]",
      "instances": [
        {
          "schema_version": 0,
          "attributes": {
            "acceleration_status": "",
            "acl": null,
            "arn": "arn:aws:s3:::deployment-packages-us-east-1-9cb5202d3acb0717",
            "bucket": "deployment-packages-us-east-1-9cb5202d3acb0717",
            "bucket_domain_name": "deployment-packages-us-east-1-9cb5202d3acb0717.s3.amazonaws.com",
            "bucket_prefix": "",
            "bucket_regional_domain_name": "deployment-packages-us-east-1-9cb5202d3acb0717.s3.us-east-1.amazonaws.com",
            "cors_rule": [],
            "force_destroy": true,
            "grant": [
              {
                "id": "1cf8a496ed5e5493a3b7ed4ecd0575012cb1068aaba14ba35be6875374caa19a",
                "permissions": [
                  "FULL_CONTROL"
                ],
                "type": "CanonicalUser",
                "uri": ""
              }
            ],
            "hosted_zone_id": "Z3AQBSTGFYJSTF",
            "id": "deployment-packages-us-east-1-9cb5202d3acb0717",
            "lifecycle_rule": [],
            "logging": [],
            "object_lock_configuration": [],
            "object_lock_enabled": false,
            "policy": "",
            "region": "us-east-1",
            "replication_configuration": [],
            "request_payer": "BucketOwner",
            "server_side_encryption_configuration": [
              {
                "rule": [
                  {
                    "apply_server_side_encryption_by_default": [
                      {
                        "kms_master_key_id": "",
                        "sse_algorithm": "AES256"
                      }
                    ],
                    "bucket_key_enabled": false
                  }
                ]
              }
            ],
            "tags": {},
            "tags_all": {},
            "timeouts": null,
            "versioning": [
              {
                "enabled": false,
                "mfa_delete": false
              }
            ],
            "website": [],
            "website_domain": null,
            "website_endpoint": null
          },
          "sensitive_attributes": [],
          "private": "eyJlMmJmYjczMC1lY2FhLTExZTYtOGY4OC0zNDM2M2JjN2M0YzAiOnsiY3JlYXRlIjoxMjAwMDAwMDAwMDAwLCJkZWxldGUiOjM2MDAwMDAwMDAwMDAsInJlYWQiOjEyMDAwMDAwMDAwMDAsInVwZGF0ZSI6MTIwMDAwMDAwMDAwMH19",
          "dependencies": [
            "random_id.stack_id"
          ]
        }
      ]
    },
    {
      "module": "module.lambda_us_east_1",
      "mode": "managed",
      "type": "aws_s3_object",
      "name": "summarise_deployment_package",
      "provider": "module.lambda_us_east_1.provider[\"registry.terraform.io/hashicorp/aws\"]",
      "instances": [
        {
          "schema_version": 0,
          "attributes": {
            "acl": "private",
            "bucket": "deployment-packages-us-east-1-9cb5202d3acb0717",
            "bucket_key_enabled": false,
            "cache_control": "",
            "checksum_algorithm": null,
            "checksum_crc32": "",
            "checksum_crc32c": "",
            "checksum_sha1": "",
            "checksum_sha256": "",
            "content": null,
            "content_base64": null,
            "content_disposition": "",
            "content_encoding": "",
            "content_language": "",
            "content_type": "binary/octet-stream",
            "etag": "05f6f42c6d386ea7e8024757145bacee-12",
            "force_destroy": false,
            "id": "summarize.jar",
            "key": "summarize.jar",
            "kms_key_id": null,
            "metadata": {},
            "object_lock_legal_hold_status": "",
            "object_lock_mode": "",
            "object_lock_retain_until_date": "",
            "override_provider": [],
            "server_side_encryption": "AES256",
            "source": "./../../DAECCProject/summarise/target/deployable/summarise-1.0-SNAPSHOT.jar",
            "source_hash": null,
            "storage_class": "STANDARD",
            "tags": {},
            "tags_all": {},
            "version_id": "",
            "website_redirect": ""
          },
          "sensitive_attributes": [],
          "private": "bnVsbA==",
          "dependencies": [
            "module.lambda_us_east_1.aws_s3_bucket.deployment_bucket",
            "random_id.stack_id"
          ]
        }
      ]
    },
    {
      "module": "module.lambda_us_west_2",
      "mode": "data",
      "type": "aws_iam_role",
      "name": "existing",
      "provider": "module.lambda_us_west_2.provider[\"registry.terraform.io/hashicorp/aws\"]",
      "instances": [
        {
          "schema_version": 0,
          "attributes": {
            "arn": "arn:aws:iam::072581526228:role/LabRole",
            "assume_role_policy": "{\"Version\":\"2012-10-17\",\"Statement\":[{\"Effect\":\"Allow\",\"Principal\":{\"AWS\":\"arn:aws:iam::072581526228:role/LabRole\",\"Service\":[\"storagegateway.amazonaws.com\",\"elasticfilesystem.amazonaws.com\",\"iotevents.amazonaws.com\",\"credentials.iot.amazonaws.com\",\"logs.amazonaws.com\",\"application-autoscaling.amazonaws.com\",\"rekognition.amazonaws.com\",\"cloud9.amazonaws.com\",\"eks.amazonaws.com\",\"ecs-tasks.amazonaws.com\",\"iotanalytics.amazonaws.com\",\"sns.amazonaws.com\",\"elasticloadbalancing.amazonaws.com\",\"secretsmanager.amazonaws.com\",\"databrew.amazonaws.com\",\"ssm.amazonaws.com\",\"events.amazonaws.com\",\"codecommit.amazonaws.com\",\"cognito-idp.amazonaws.com\",\"dynamodb.amazonaws.com\",\"kinesisanalytics.amazonaws.com\",\"deepracer.amazonaws.com\",\"kendra.amazonaws.com\",\"cloudtrail.amazonaws.com\",\"elasticmapreduce.amazonaws.com\",\"glue.amazonaws.com\",\"sagemaker.amazonaws.com\",\"scheduler.amazonaws.com\",\"autoscaling.amazonaws.com\",\"batch.amazonaws.com\",\"states.amazonaws.com\",\"quicksight.amazonaws.com\",\"robomaker.amazonaws.com\",\"ec2.application-autoscaling.amazonaws.com\",\"eks-fargate-pods.amazonaws.com\",\"resource-groups.amazonaws.com\",\"firehose.amazonaws.com\",\"kms.amazonaws.com\",\"apigateway.amazonaws.com\",\"elasticbeanstalk.amazonaws.com\",\"kinesis.amazonaws.com\",\"cloudformation.amazonaws.com\",\"redshift.amazonaws.com\",\"s3.amazonaws.com\",\"codewhisperer.amazonaws.com\",\"codedeploy.amazonaws.com\",\"rds.amazonaws.com\",\"backup.amazonaws.com\",\"servicecatalog.amazonaws.com\",\"sqs.amazonaws.com\",\"personalize.amazonaws.com\",\"datapipeline.amazonaws.com\",\"cloudfront.amazonaws.com\",\"lambda.amazonaws.com\",\"lex.amazonaws.com\",\"iot.amazonaws.com\",\"athena.amazonaws.com\",\"forecast.amazonaws.com\",\"ec2.amazonaws.com\"]},\"Action\":\"sts:AssumeRole\"}]}",
            "create_date": "2023-11-29T08:15:04Z",
            "description": "",
            "id": "LabRole",
            "max_session_duration": 3600,
            "name": "LabRole",
            "path": "/",
            "permissions_boundary": "",
            "role_last_used": [
              {
                "last_used_date": "2024-01-18T10:58:42Z",
                "region": "us-east-1"
              }
            ],
            "tags": {
              "cloudlab": "c102111a2339460l5371462t1w072581526228"
            },
            "unique_id": "AROARBZRSGLKEVNZKIGPA"
          },
          "sensitive_attributes": []
        }
      ]
    },
    {
      "module": "module.lambda_us_west_2",
      "mode": "managed",
      "type": "aws_lambda_function",
      "name": "summarise_function",
      "provider": "module.lambda_us_west_2.provider[\"registry.terraform.io/hashicorp/aws\"]",
      "instances": [
        {
          "schema_version": 0,
          "attributes": {
            "architectures": [
              "x86_64"
            ],
            "arn": "arn:aws:lambda:us-west-2:072581526228:function:lambda_function_us_west_2",
            "code_signing_config_arn": "",
            "dead_letter_config": [],
            "description": "",
            "environment": [],
            "ephemeral_storage": [
              {
                "size": 512
              }
            ],
            "file_system_config": [],
            "filename": null,
            "function_name": "lambda_function_us_west_2",
            "handler": "function.summarise::handleRequest",
            "id": "lambda_function_us_west_2",
            "image_config": [],
            "image_uri": "",
            "invoke_arn": "arn:aws:apigateway:us-west-2:lambda:path/2015-03-31/functions/arn:aws:lambda:us-west-2:072581526228:function:lambda_function_us_west_2/invocations",
            "kms_key_arn": "",
            "last_modified": "2024-01-18T11:20:37.000+0000",
            "layers": [],
            "logging_config": [
              {
                "application_log_level": "",
                "log_format": "Text",
                "log_group": "/aws/lambda/lambda_function_us_west_2",
                "system_log_level": ""
              }
            ],
            "memory_size": 512,
            "package_type": "Zip",
            "publish": false,
            "qualified_arn": "arn:aws:lambda:us-west-2:072581526228:function:lambda_function_us_west_2:$LATEST",
            "qualified_invoke_arn": "arn:aws:apigateway:us-west-2:lambda:path/2015-03-31/functions/arn:aws:lambda:us-west-2:072581526228:function:lambda_function_us_west_2:$LATEST/invocations",
            "replace_security_groups_on_destroy": null,
            "replacement_security_group_ids": null,
            "reserved_concurrent_executions": -1,
            "role": "arn:aws:iam::072581526228:role/LabRole",
            "runtime": "java11",
            "s3_bucket": "deployment-packages-us-west-2-9cb5202d3acb0717",
            "s3_key": "summarize.jar",
            "s3_object_version": null,
            "signing_job_arn": "",
            "signing_profile_version_arn": "",
            "skip_destroy": false,
            "snap_start": [],
            "source_code_hash": "my4q6lmknMqCV+WpCc2QLEdO3d5OieN5s9vR1mVvT3o=",
            "source_code_size": 62481462,
            "tags": {},
            "tags_all": {},
            "timeout": 900,
            "timeouts": null,
            "tracing_config": [
              {
                "mode": "PassThrough"
              }
            ],
            "version": "$LATEST",
            "vpc_config": []
          },
          "sensitive_attributes": [],
          "private": "eyJlMmJmYjczMC1lY2FhLTExZTYtOGY4OC0zNDM2M2JjN2M0YzAiOnsiY3JlYXRlIjo2MDAwMDAwMDAwMDAsImRlbGV0ZSI6NjAwMDAwMDAwMDAwLCJ1cGRhdGUiOjYwMDAwMDAwMDAwMH19",
          "dependencies": [
            "module.lambda_us_west_2.aws_s3_bucket.deployment_bucket",
            "module.lambda_us_west_2.aws_s3_object.summarise_deployment_package",
            "module.lambda_us_west_2.data.aws_iam_role.existing",
            "random_id.stack_id"
          ]
        }
      ]
    },
    {
      "module": "module.lambda_us_west_2",
      "mode": "managed",
      "type": "aws_s3_bucket",
      "name": "deployment_bucket",
      "provider": "module.lambda_us_west_2.provider[\"registry.terraform.io/hashicorp/aws\"]",
      "instances": [
        {
          "schema_version": 0,
          "attributes": {
            "acceleration_status": "",
            "acl": null,
            "arn": "arn:aws:s3:::deployment-packages-us-west-2-9cb5202d3acb0717",
            "bucket": "deployment-packages-us-west-2-9cb5202d3acb0717",
            "bucket_domain_name": "deployment-packages-us-west-2-9cb5202d3acb0717.s3.amazonaws.com",
            "bucket_prefix": "",
            "bucket_regional_domain_name": "deployment-packages-us-west-2-9cb5202d3acb0717.s3.us-west-2.amazonaws.com",
            "cors_rule": [],
            "force_destroy": true,
            "grant": [
              {
                "id": "1cf8a496ed5e5493a3b7ed4ecd0575012cb1068aaba14ba35be6875374caa19a",
                "permissions": [
                  "FULL_CONTROL"
                ],
                "type": "CanonicalUser",
                "uri": ""
              }
            ],
            "hosted_zone_id": "Z3BJ6K6RIION7M",
            "id": "deployment-packages-us-west-2-9cb5202d3acb0717",
            "lifecycle_rule": [],
            "logging": [],
            "object_lock_configuration": [],
            "object_lock_enabled": false,
            "policy": "",
            "region": "us-west-2",
            "replication_configuration": [],
            "request_payer": "BucketOwner",
            "server_side_encryption_configuration": [
              {
                "rule": [
                  {
                    "apply_server_side_encryption_by_default": [
                      {
                        "kms_master_key_id": "",
                        "sse_algorithm": "AES256"
                      }
                    ],
                    "bucket_key_enabled": false
                  }
                ]
              }
            ],
            "tags": {},
            "tags_all": {},
            "timeouts": null,
            "versioning": [
              {
                "enabled": false,
                "mfa_delete": false
              }
            ],
            "website": [],
            "website_domain": null,
            "website_endpoint": null
          },
          "sensitive_attributes": [],
          "private": "eyJlMmJmYjczMC1lY2FhLTExZTYtOGY4OC0zNDM2M2JjN2M0YzAiOnsiY3JlYXRlIjoxMjAwMDAwMDAwMDAwLCJkZWxldGUiOjM2MDAwMDAwMDAwMDAsInJlYWQiOjEyMDAwMDAwMDAwMDAsInVwZGF0ZSI6MTIwMDAwMDAwMDAwMH19",
          "dependencies": [
            "random_id.stack_id"
          ]
        }
      ]
    },
    {
      "module": "module.lambda_us_west_2",
      "mode": "managed",
      "type": "aws_s3_object",
      "name": "summarise_deployment_package",
      "provider": "module.lambda_us_west_2.provider[\"registry.terraform.io/hashicorp/aws\"]",
      "instances": [
        {
          "schema_version": 0,
          "attributes": {
            "acl": "private",
            "bucket": "deployment-packages-us-west-2-9cb5202d3acb0717",
            "bucket_key_enabled": false,
            "cache_control": "",
            "checksum_algorithm": null,
            "checksum_crc32": "",
            "checksum_crc32c": "",
            "checksum_sha1": "",
            "checksum_sha256": "",
            "content": null,
            "content_base64": null,
            "content_disposition": "",
            "content_encoding": "",
            "content_language": "",
            "content_type": "binary/octet-stream",
            "etag": "05f6f42c6d386ea7e8024757145bacee-12",
            "force_destroy": false,
            "id": "summarize.jar",
            "key": "summarize.jar",
            "kms_key_id": null,
            "metadata": {},
            "object_lock_legal_hold_status": "",
            "object_lock_mode": "",
            "object_lock_retain_until_date": "",
            "override_provider": [],
            "server_side_encryption": "AES256",
            "source": "./../../DAECCProject/summarise/target/deployable/summarise-1.0-SNAPSHOT.jar",
            "source_hash": null,
            "storage_class": "STANDARD",
            "tags": {},
            "tags_all": {},
            "version_id": "",
            "website_redirect": ""
          },
          "sensitive_attributes": [],
          "private": "bnVsbA==",
          "dependencies": [
            "module.lambda_us_west_2.aws_s3_bucket.deployment_bucket",
            "random_id.stack_id"
          ]
        }
      ]
    },
    {
      "module": "module.sagemaker",
      "mode": "data",
      "type": "aws_iam_role",
      "name": "labrole",
      "provider": "module.sagemaker.provider[\"registry.terraform.io/hashicorp/aws\"]",
      "instances": [
        {
          "schema_version": 0,
          "attributes": {
            "arn": "arn:aws:iam::072581526228:role/LabRole",
            "assume_role_policy": "{\"Version\":\"2012-10-17\",\"Statement\":[{\"Effect\":\"Allow\",\"Principal\":{\"AWS\":\"arn:aws:iam::072581526228:role/LabRole\",\"Service\":[\"cloudformation.amazonaws.com\",\"ec2.application-autoscaling.amazonaws.com\",\"quicksight.amazonaws.com\",\"scheduler.amazonaws.com\",\"batch.amazonaws.com\",\"robomaker.amazonaws.com\",\"elasticmapreduce.amazonaws.com\",\"athena.amazonaws.com\",\"apigateway.amazonaws.com\",\"firehose.amazonaws.com\",\"states.amazonaws.com\",\"elasticbeanstalk.amazonaws.com\",\"codedeploy.amazonaws.com\",\"sqs.amazonaws.com\",\"backup.amazonaws.com\",\"lex.amazonaws.com\",\"forecast.amazonaws.com\",\"rds.amazonaws.com\",\"personalize.amazonaws.com\",\"cloud9.amazonaws.com\",\"cloudfront.amazonaws.com\",\"ec2.amazonaws.com\",\"autoscaling.amazonaws.com\",\"codewhisperer.amazonaws.com\",\"datapipeline.amazonaws.com\",\"resource-groups.amazonaws.com\",\"credentials.iot.amazonaws.com\",\"servicecatalog.amazonaws.com\",\"elasticfilesystem.amazonaws.com\",\"iotanalytics.amazonaws.com\",\"sns.amazonaws.com\",\"ecs-tasks.amazonaws.com\",\"storagegateway.amazonaws.com\",\"elasticloadbalancing.amazonaws.com\",\"iotevents.amazonaws.com\",\"application-autoscaling.amazonaws.com\",\"codecommit.amazonaws.com\",\"iot.amazonaws.com\",\"lambda.amazonaws.com\",\"cloudtrail.amazonaws.com\",\"logs.amazonaws.com\",\"eks.amazonaws.com\",\"events.amazonaws.com\",\"rekognition.amazonaws.com\",\"kinesis.amazonaws.com\",\"kinesisanalytics.amazonaws.com\",\"kendra.amazonaws.com\",\"glue.amazonaws.com\",\"redshift.amazonaws.com\",\"eks-fargate-pods.amazonaws.com\",\"s3.amazonaws.com\",\"dynamodb.amazonaws.com\",\"cognito-idp.amazonaws.com\",\"deepracer.amazonaws.com\",\"databrew.amazonaws.com\",\"secretsmanager.amazonaws.com\",\"sagemaker.amazonaws.com\",\"kms.amazonaws.com\",\"ssm.amazonaws.com\"]},\"Action\":\"sts:AssumeRole\"}]}",
            "create_date": "2023-11-29T08:15:04Z",
            "description": "",
            "id": "LabRole",
            "max_session_duration": 3600,
            "name": "LabRole",
            "path": "/",
            "permissions_boundary": "",
            "role_last_used": [
              {
                "last_used_date": "2024-01-18T10:58:42Z",
                "region": "us-east-1"
              }
            ],
            "tags": {
              "cloudlab": "c102111a2339460l5371462t1w072581526228"
            },
            "unique_id": "AROARBZRSGLKEVNZKIGPA"
          },
          "sensitive_attributes": []
        }
      ]
    },
    {
      "module": "module.sagemaker",
      "mode": "managed",
      "type": "aws_sagemaker_endpoint",
      "name": "myendpoint",
      "provider": "module.sagemaker.provider[\"registry.terraform.io/hashicorp/aws\"]",
      "instances": [
        {
          "schema_version": 0,
          "attributes": {
            "arn": "arn:aws:sagemaker:us-east-1:072581526228:endpoint/summarizer-endpoint",
            "deployment_config": [],
            "endpoint_config_name": "summarizer-endpoint-config",
            "id": "summarizer-endpoint",
            "name": "summarizer-endpoint",
            "tags": {},
            "tags_all": {}
          },
          "sensitive_attributes": [],
          "private": "bnVsbA==",
          "dependencies": [
            "module.sagemaker.aws_sagemaker_endpoint_configuration.myconfig",
            "module.sagemaker.aws_sagemaker_model.mymodel",
            "module.sagemaker.data.aws_iam_role.labrole"
          ]
        }
      ]
    },
    {
      "module": "module.sagemaker",
      "mode": "managed",
      "type": "aws_sagemaker_endpoint_configuration",
      "name": "myconfig",
      "provider": "module.sagemaker.provider[\"registry.terraform.io/hashicorp/aws\"]",
      "instances": [
        {
          "schema_version": 0,
          "attributes": {
            "arn": "arn:aws:sagemaker:us-east-1:072581526228:endpoint-config/summarizer-endpoint-config",
            "async_inference_config": [],
            "data_capture_config": [],
            "id": "summarizer-endpoint-config",
            "kms_key_arn": "",
            "name": "summarizer-endpoint-config",
            "name_prefix": "",
            "production_variants": [
              {
                "accelerator_type": "",
                "container_startup_health_check_timeout_in_seconds": 0,
                "core_dump_config": [],
                "enable_ssm_access": false,
                "initial_instance_count": 1,
                "initial_variant_weight": 1,
                "instance_type": "ml.p2.xlarge",
                "model_data_download_timeout_in_seconds": 0,
                "model_name": "huggingface-summarization-distilbart-cnn-6-6",
                "serverless_config": [],
                "variant_name": "variant-1",
                "volume_size_in_gb": 0
              }
            ],
            "shadow_production_variants": [],
            "tags": {},
            "tags_all": {}
          },
          "sensitive_attributes": [],
          "private": "bnVsbA==",
          "dependencies": [
            "module.sagemaker.aws_sagemaker_model.mymodel",
            "module.sagemaker.data.aws_iam_role.labrole"
          ]
        }
      ]
    },
    {
      "module": "module.sagemaker",
      "mode": "managed",
      "type": "aws_sagemaker_model",
      "name": "mymodel",
      "provider": "module.sagemaker.provider[\"registry.terraform.io/hashicorp/aws\"]",
      "instances": [
        {
          "schema_version": 0,
          "attributes": {
            "arn": "arn:aws:sagemaker:us-east-1:072581526228:model/huggingface-summarization-distilbart-cnn-6-6",
            "container": [],
            "enable_network_isolation": false,
            "execution_role_arn": "arn:aws:iam::072581526228:role/LabRole",
            "id": "huggingface-summarization-distilbart-cnn-6-6",
            "inference_execution_config": [],
            "name": "huggingface-summarization-distilbart-cnn-6-6",
            "primary_container": [
              {
                "container_hostname": "",
                "environment": {},
                "image": "763104351884.dkr.ecr.us-east-1.amazonaws.com/huggingface-pytorch-inference:1.13.1-transformers4.26.0-gpu-py39-cu117-ubuntu20.04",
                "image_config": [],
                "mode": "SingleModel",
                "model_data_source": [
                  {
                    "s3_data_source": [
                      {
                        "compression_type": "Gzip",
                        "s3_data_type": "S3Object",
                        "s3_uri": "s3://jumpstart-cache-prod-us-east-1/huggingface-infer/prepack/v1.0.0/infer-prepack-huggingface-summarization-distilbart-cnn-6-6.tar.gz"
                      }
                    ]
                  }
                ],
                "model_data_url": "s3://jumpstart-cache-prod-us-east-1/huggingface-infer/prepack/v1.0.0/infer-prepack-huggingface-summarization-distilbart-cnn-6-6.tar.gz",
                "model_package_name": ""
              }
            ],
            "tags": {},
            "tags_all": {},
            "vpc_config": []
          },
          "sensitive_attributes": [],
          "private": "bnVsbA==",
          "dependencies": [
            "module.sagemaker.data.aws_iam_role.labrole"
          ]
        }
      ]
    }
  ],
  "check_results": null
}
