{
  "version": 4,
  "terraform_version": "1.6.5",
  "serial": 353,
  "lineage": "06c9947b-72f0-470a-7457-8fd468a14acf",
  "outputs": {
    "api_gateway_url_us_east_1": {
      "value": "https://1mjhqj47sh.execute-api.us-east-1.amazonaws.com/prod",
      "type": "string"
    },
    "api_gateway_url_us_west_2": {
      "value": "https://exa9tisfh6.execute-api.us-west-2.amazonaws.com/prod",
      "type": "string"
    },
    "bucket_url": {
      "value": "gs://8f26a72189c29555-documents-bucket",
      "type": "string"
    },
    "lambda_arn_us_east_1": {
      "value": "arn:aws:lambda:us-east-1:072581526228:function:lambda_function_us_east_1",
      "type": "string"
    },
    "lambda_arn_us_west_2": {
      "value": "arn:aws:lambda:us-west-2:072581526228:function:lambda_function_us_west_2",
      "type": "string"
    }
  },
  "resources": [
    {
      "mode": "managed",
      "type": "google_document_ai_processor",
      "name": "summarizer_processor",
      "provider": "provider[\"registry.terraform.io/hashicorp/google\"]",
      "instances": [
        {
          "schema_version": 0,
          "attributes": {
            "display_name": "summarizer-processor",
            "id": "projects/crafty-tractor-401010/locations/us/processors/ad7c8f6821119c05",
            "kms_key_name": "",
            "location": "us",
            "name": "ad7c8f6821119c05",
            "project": "crafty-tractor-401010",
            "timeouts": null,
            "type": "SUMMARY_PROCESSOR"
          },
          "sensitive_attributes": [],
          "private": "eyJlMmJmYjczMC1lY2FhLTExZTYtOGY4OC0zNDM2M2JjN2M0YzAiOnsiY3JlYXRlIjoxMjAwMDAwMDAwMDAwLCJkZWxldGUiOjEyMDAwMDAwMDAwMDB9fQ=="
        }
      ]
    },
    {
      "mode": "managed",
      "type": "google_storage_bucket",
      "name": "documents_bucket",
      "provider": "provider[\"registry.terraform.io/hashicorp/google\"]",
      "instances": [
        {
          "schema_version": 1,
          "attributes": {
            "autoclass": [],
            "cors": [],
            "custom_placement_config": [],
            "default_event_based_hold": false,
            "effective_labels": {},
            "enable_object_retention": false,
            "encryption": [],
            "force_destroy": false,
            "id": "8f26a72189c29555-documents-bucket",
            "labels": {},
            "lifecycle_rule": [],
            "location": "US-CENTRAL1",
            "logging": [],
            "name": "8f26a72189c29555-documents-bucket",
            "project": "crafty-tractor-401010",
            "public_access_prevention": "inherited",
            "requester_pays": false,
            "retention_policy": [],
            "rpo": null,
            "self_link": "https://www.googleapis.com/storage/v1/b/8f26a72189c29555-documents-bucket",
            "storage_class": "STANDARD",
            "terraform_labels": {},
            "timeouts": null,
            "uniform_bucket_level_access": true,
            "url": "gs://8f26a72189c29555-documents-bucket",
            "versioning": [],
            "website": []
          },
          "sensitive_attributes": [],
          "private": "eyJlMmJmYjczMC1lY2FhLTExZTYtOGY4OC0zNDM2M2JjN2M0YzAiOnsiY3JlYXRlIjo2MDAwMDAwMDAwMDAsInJlYWQiOjI0MDAwMDAwMDAwMCwidXBkYXRlIjoyNDAwMDAwMDAwMDB9LCJzY2hlbWFfdmVyc2lvbiI6IjEifQ==",
          "dependencies": [
            "random_id.documents_bucket"
          ]
        }
      ]
    },
    {
      "mode": "managed",
      "type": "google_storage_bucket",
      "name": "function_bucket",
      "provider": "provider[\"registry.terraform.io/hashicorp/google\"]",
      "instances": [
        {
          "schema_version": 1,
          "attributes": {
            "autoclass": [],
            "cors": [],
            "custom_placement_config": [],
            "default_event_based_hold": false,
            "effective_labels": {},
            "enable_object_retention": false,
            "encryption": [],
            "force_destroy": false,
            "id": "0fe31b17b846d990-function-bucket",
            "labels": {},
            "lifecycle_rule": [],
            "location": "US-CENTRAL1",
            "logging": [],
            "name": "0fe31b17b846d990-function-bucket",
            "project": "crafty-tractor-401010",
            "public_access_prevention": "inherited",
            "requester_pays": false,
            "retention_policy": [],
            "rpo": null,
            "self_link": "https://www.googleapis.com/storage/v1/b/0fe31b17b846d990-function-bucket",
            "storage_class": "STANDARD",
            "terraform_labels": {},
            "timeouts": null,
            "uniform_bucket_level_access": true,
            "url": "gs://0fe31b17b846d990-function-bucket",
            "versioning": [],
            "website": []
          },
          "sensitive_attributes": [],
          "private": "eyJlMmJmYjczMC1lY2FhLTExZTYtOGY4OC0zNDM2M2JjN2M0YzAiOnsiY3JlYXRlIjo2MDAwMDAwMDAwMDAsInJlYWQiOjI0MDAwMDAwMDAwMCwidXBkYXRlIjoyNDAwMDAwMDAwMDB9LCJzY2hlbWFfdmVyc2lvbiI6IjEifQ==",
          "dependencies": [
            "random_id.function_bucket"
          ]
        }
      ]
    },
    {
      "mode": "managed",
      "type": "google_storage_bucket",
      "name": "processed_documents_bucket",
      "provider": "provider[\"registry.terraform.io/hashicorp/google\"]",
      "instances": [
        {
          "schema_version": 1,
          "attributes": {
            "autoclass": [],
            "cors": [],
            "custom_placement_config": [],
            "default_event_based_hold": false,
            "effective_labels": {},
            "enable_object_retention": false,
            "encryption": [],
            "force_destroy": false,
            "id": "d485cbce1478d45c-summarized-documents-bucket",
            "labels": {},
            "lifecycle_rule": [],
            "location": "US-CENTRAL1",
            "logging": [],
            "name": "d485cbce1478d45c-summarized-documents-bucket",
            "project": "crafty-tractor-401010",
            "public_access_prevention": "inherited",
            "requester_pays": false,
            "retention_policy": [],
            "rpo": null,
            "self_link": "https://www.googleapis.com/storage/v1/b/d485cbce1478d45c-summarized-documents-bucket",
            "storage_class": "STANDARD",
            "terraform_labels": {},
            "timeouts": null,
            "uniform_bucket_level_access": true,
            "url": "gs://d485cbce1478d45c-summarized-documents-bucket",
            "versioning": [],
            "website": []
          },
          "sensitive_attributes": [],
          "private": "eyJlMmJmYjczMC1lY2FhLTExZTYtOGY4OC0zNDM2M2JjN2M0YzAiOnsiY3JlYXRlIjo2MDAwMDAwMDAwMDAsInJlYWQiOjI0MDAwMDAwMDAwMCwidXBkYXRlIjoyNDAwMDAwMDAwMDB9LCJzY2hlbWFfdmVyc2lvbiI6IjEifQ==",
          "dependencies": [
            "random_id.processed_documents_bucket"
          ]
        }
      ]
    },
    {
      "mode": "managed",
      "type": "random_id",
      "name": "documents_bucket",
      "provider": "provider[\"registry.terraform.io/hashicorp/random\"]",
      "instances": [
        {
          "schema_version": 0,
          "attributes": {
            "b64_std": "jyanIYnClVU=",
            "b64_url": "jyanIYnClVU",
            "byte_length": 8,
            "dec": "10315115759025689941",
            "hex": "8f26a72189c29555",
            "id": "jyanIYnClVU",
            "keepers": null,
            "prefix": null
          },
          "sensitive_attributes": []
        }
      ]
    },
    {
      "mode": "managed",
      "type": "random_id",
      "name": "function_bucket",
      "provider": "provider[\"registry.terraform.io/hashicorp/random\"]",
      "instances": [
        {
          "schema_version": 0,
          "attributes": {
            "b64_std": "D+MbF7hG2ZA=",
            "b64_url": "D-MbF7hG2ZA",
            "byte_length": 8,
            "dec": "1144788518972086672",
            "hex": "0fe31b17b846d990",
            "id": "D-MbF7hG2ZA",
            "keepers": null,
            "prefix": null
          },
          "sensitive_attributes": []
        }
      ]
    },
    {
      "mode": "managed",
      "type": "random_id",
      "name": "processed_documents_bucket",
      "provider": "provider[\"registry.terraform.io/hashicorp/random\"]",
      "instances": [
        {
          "schema_version": 0,
          "attributes": {
            "b64_std": "1IXLzhR41Fw=",
            "b64_url": "1IXLzhR41Fw",
            "byte_length": 8,
            "dec": "15313870193910404188",
            "hex": "d485cbce1478d45c",
            "id": "1IXLzhR41Fw",
            "keepers": null,
            "prefix": null
          },
          "sensitive_attributes": []
        }
      ]
    },
    {
      "mode": "managed",
      "type": "random_id",
      "name": "stack_id",
      "provider": "provider[\"registry.terraform.io/hashicorp/random\"]",
      "instances": [
        {
          "schema_version": 0,
          "attributes": {
            "b64_std": "Tx0CwezIRik=",
            "b64_url": "Tx0CwezIRik",
            "byte_length": 8,
            "dec": "5700715735245407785",
            "hex": "4f1d02c1ecc84629",
            "id": "Tx0CwezIRik",
            "keepers": null,
            "prefix": null
          },
          "sensitive_attributes": []
        }
      ]
    },
    {
      "module": "module.api_gateway_us_east_1",
      "mode": "managed",
      "type": "aws_api_gateway_deployment",
      "name": "deployment",
      "provider": "module.api_gateway_us_east_1.provider[\"registry.terraform.io/hashicorp/aws\"]",
      "instances": [
        {
          "schema_version": 0,
          "attributes": {
            "created_date": "2024-01-18T15:19:39Z",
            "description": "",
            "execution_arn": "arn:aws:execute-api:us-east-1:072581526228:1mjhqj47sh/prod",
            "id": "zl475q",
            "invoke_url": "https://1mjhqj47sh.execute-api.us-east-1.amazonaws.com/prod",
            "rest_api_id": "1mjhqj47sh",
            "stage_description": null,
            "stage_name": "prod",
            "triggers": null,
            "variables": null
          },
          "sensitive_attributes": [],
          "private": "bnVsbA==",
          "dependencies": [
            "module.api_gateway_us_east_1.aws_api_gateway_integration.integration",
            "module.api_gateway_us_east_1.aws_api_gateway_method.method",
            "module.api_gateway_us_east_1.aws_api_gateway_resource.resource",
            "module.api_gateway_us_east_1.aws_api_gateway_rest_api.api",
            "module.lambda_us_east_1.aws_lambda_function.summarise_function",
            "module.lambda_us_east_1.aws_s3_bucket.deployment_bucket",
            "module.lambda_us_east_1.aws_s3_object.summarise_deployment_package",
            "module.lambda_us_east_1.data.aws_iam_role.existing",
            "random_id.stack_id"
          ]
        }
      ]
    },
    {
      "module": "module.api_gateway_us_east_1",
      "mode": "managed",
      "type": "aws_api_gateway_integration",
      "name": "integration",
      "provider": "module.api_gateway_us_east_1.provider[\"registry.terraform.io/hashicorp/aws\"]",
      "instances": [
        {
          "schema_version": 0,
          "attributes": {
            "cache_key_parameters": [],
            "cache_namespace": "lw445j",
            "connection_id": "",
            "connection_type": "INTERNET",
            "content_handling": "",
            "credentials": "",
            "http_method": "ANY",
            "id": "agi-1mjhqj47sh-lw445j-ANY",
            "integration_http_method": "POST",
            "passthrough_behavior": "WHEN_NO_MATCH",
            "request_parameters": {},
            "request_templates": {},
            "resource_id": "lw445j",
            "rest_api_id": "1mjhqj47sh",
            "timeout_milliseconds": 29000,
            "tls_config": [],
            "type": "AWS_PROXY",
            "uri": "arn:aws:apigateway:us-east-1:lambda:path/2015-03-31/functions/arn:aws:lambda:us-east-1:072581526228:function:lambda_function_us_east_1/invocations"
          },
          "sensitive_attributes": [],
          "private": "bnVsbA==",
          "dependencies": [
            "module.api_gateway_us_east_1.aws_api_gateway_method.method",
            "module.api_gateway_us_east_1.aws_api_gateway_resource.resource",
            "module.api_gateway_us_east_1.aws_api_gateway_rest_api.api",
            "module.lambda_us_east_1.aws_lambda_function.summarise_function",
            "module.lambda_us_east_1.aws_s3_bucket.deployment_bucket",
            "module.lambda_us_east_1.aws_s3_object.summarise_deployment_package",
            "module.lambda_us_east_1.data.aws_iam_role.existing",
            "random_id.stack_id"
          ]
        }
      ]
    },
    {
      "module": "module.api_gateway_us_east_1",
      "mode": "managed",
      "type": "aws_api_gateway_method",
      "name": "method",
      "provider": "module.api_gateway_us_east_1.provider[\"registry.terraform.io/hashicorp/aws\"]",
      "instances": [
        {
          "schema_version": 0,
          "attributes": {
            "api_key_required": false,
            "authorization": "NONE",
            "authorization_scopes": [],
            "authorizer_id": "",
            "http_method": "ANY",
            "id": "agm-1mjhqj47sh-lw445j-ANY",
            "operation_name": "",
            "request_models": {},
            "request_parameters": {},
            "request_validator_id": "",
            "resource_id": "lw445j",
            "rest_api_id": "1mjhqj47sh"
          },
          "sensitive_attributes": [],
          "private": "bnVsbA==",
          "dependencies": [
            "module.api_gateway_us_east_1.aws_api_gateway_resource.resource",
            "module.api_gateway_us_east_1.aws_api_gateway_rest_api.api"
          ]
        }
      ]
    },
    {
      "module": "module.api_gateway_us_east_1",
      "mode": "managed",
      "type": "aws_api_gateway_resource",
      "name": "resource",
      "provider": "module.api_gateway_us_east_1.provider[\"registry.terraform.io/hashicorp/aws\"]",
      "instances": [
        {
          "schema_version": 0,
          "attributes": {
            "id": "lw445j",
            "parent_id": "torg14d4i5",
            "path": "/{proxy+}",
            "path_part": "{proxy+}",
            "rest_api_id": "1mjhqj47sh"
          },
          "sensitive_attributes": [],
          "private": "bnVsbA==",
          "dependencies": [
            "module.api_gateway_us_east_1.aws_api_gateway_rest_api.api"
          ]
        }
      ]
    },
    {
      "module": "module.api_gateway_us_east_1",
      "mode": "managed",
      "type": "aws_api_gateway_rest_api",
      "name": "api",
      "provider": "module.api_gateway_us_east_1.provider[\"registry.terraform.io/hashicorp/aws\"]",
      "instances": [
        {
          "schema_version": 0,
          "attributes": {
            "api_key_source": "HEADER",
            "arn": "arn:aws:apigateway:us-east-1::/restapis/1mjhqj47sh",
            "binary_media_types": [],
            "body": null,
            "created_date": "2024-01-18T15:19:25Z",
            "description": "API for summarization",
            "disable_execute_api_endpoint": false,
            "endpoint_configuration": [
              {
                "types": [
                  "EDGE"
                ],
                "vpc_endpoint_ids": []
              }
            ],
            "execution_arn": "arn:aws:execute-api:us-east-1:072581526228:1mjhqj47sh",
            "fail_on_warnings": null,
            "id": "1mjhqj47sh",
            "minimum_compression_size": "",
            "name": "SummarizationAPI",
            "parameters": null,
            "policy": "",
            "put_rest_api_mode": null,
            "root_resource_id": "torg14d4i5",
            "tags": {},
            "tags_all": {}
          },
          "sensitive_attributes": [],
          "private": "bnVsbA=="
        }
      ]
    },
    {
      "module": "module.api_gateway_us_east_1",
      "mode": "managed",
      "type": "aws_lambda_permission",
      "name": "apigw",
      "provider": "module.api_gateway_us_east_1.provider[\"registry.terraform.io/hashicorp/aws\"]",
      "instances": [
        {
          "schema_version": 0,
          "attributes": {
            "action": "lambda:InvokeFunction",
            "event_source_token": null,
            "function_name": "lambda_function_us_east_1",
            "function_url_auth_type": null,
            "id": "AllowAPIGatewayInvoke",
            "principal": "apigateway.amazonaws.com",
            "principal_org_id": null,
            "qualifier": "",
            "source_account": null,
            "source_arn": "arn:aws:execute-api:us-east-1:072581526228:1mjhqj47sh/prod/*/*",
            "statement_id": "AllowAPIGatewayInvoke",
            "statement_id_prefix": ""
          },
          "sensitive_attributes": [],
          "private": "bnVsbA==",
          "dependencies": [
            "module.api_gateway_us_east_1.aws_api_gateway_deployment.deployment",
            "module.api_gateway_us_east_1.aws_api_gateway_integration.integration",
            "module.api_gateway_us_east_1.aws_api_gateway_method.method",
            "module.api_gateway_us_east_1.aws_api_gateway_resource.resource",
            "module.api_gateway_us_east_1.aws_api_gateway_rest_api.api",
            "module.lambda_us_east_1.aws_lambda_function.summarise_function",
            "module.lambda_us_east_1.aws_s3_bucket.deployment_bucket",
            "module.lambda_us_east_1.aws_s3_object.summarise_deployment_package",
            "module.lambda_us_east_1.data.aws_iam_role.existing",
            "random_id.stack_id"
          ]
        }
      ]
    },
    {
      "module": "module.api_gateway_us_west_2",
      "mode": "managed",
      "type": "aws_api_gateway_deployment",
      "name": "deployment",
      "provider": "module.api_gateway_us_west_2.provider[\"registry.terraform.io/hashicorp/aws\"]",
      "instances": [
        {
          "schema_version": 0,
          "attributes": {
            "created_date": "2024-01-18T15:19:43Z",
            "description": "",
            "execution_arn": "arn:aws:execute-api:us-west-2:072581526228:exa9tisfh6/prod",
            "id": "mjfid9",
            "invoke_url": "https://exa9tisfh6.execute-api.us-west-2.amazonaws.com/prod",
            "rest_api_id": "exa9tisfh6",
            "stage_description": null,
            "stage_name": "prod",
            "triggers": null,
            "variables": null
          },
          "sensitive_attributes": [],
          "private": "bnVsbA==",
          "dependencies": [
            "module.api_gateway_us_west_2.aws_api_gateway_integration.integration",
            "module.api_gateway_us_west_2.aws_api_gateway_method.method",
            "module.api_gateway_us_west_2.aws_api_gateway_resource.resource",
            "module.api_gateway_us_west_2.aws_api_gateway_rest_api.api",
            "module.lambda_us_west_2.aws_lambda_function.summarise_function",
            "module.lambda_us_west_2.aws_s3_bucket.deployment_bucket",
            "module.lambda_us_west_2.aws_s3_object.summarise_deployment_package",
            "module.lambda_us_west_2.data.aws_iam_role.existing",
            "random_id.stack_id"
          ]
        }
      ]
    },
    {
      "module": "module.api_gateway_us_west_2",
      "mode": "managed",
      "type": "aws_api_gateway_integration",
      "name": "integration",
      "provider": "module.api_gateway_us_west_2.provider[\"registry.terraform.io/hashicorp/aws\"]",
      "instances": [
        {
          "schema_version": 0,
          "attributes": {
            "cache_key_parameters": [],
            "cache_namespace": "22q4a3",
            "connection_id": "",
            "connection_type": "INTERNET",
            "content_handling": "",
            "credentials": "",
            "http_method": "ANY",
            "id": "agi-exa9tisfh6-22q4a3-ANY",
            "integration_http_method": "POST",
            "passthrough_behavior": "WHEN_NO_MATCH",
            "request_parameters": {},
            "request_templates": {},
            "resource_id": "22q4a3",
            "rest_api_id": "exa9tisfh6",
            "timeout_milliseconds": 29000,
            "tls_config": [],
            "type": "AWS_PROXY",
            "uri": "arn:aws:apigateway:us-west-2:lambda:path/2015-03-31/functions/arn:aws:lambda:us-west-2:072581526228:function:lambda_function_us_west_2/invocations"
          },
          "sensitive_attributes": [],
          "private": "bnVsbA==",
          "dependencies": [
            "module.api_gateway_us_west_2.aws_api_gateway_method.method",
            "module.api_gateway_us_west_2.aws_api_gateway_resource.resource",
            "module.api_gateway_us_west_2.aws_api_gateway_rest_api.api",
            "module.lambda_us_west_2.aws_lambda_function.summarise_function",
            "module.lambda_us_west_2.aws_s3_bucket.deployment_bucket",
            "module.lambda_us_west_2.aws_s3_object.summarise_deployment_package",
            "module.lambda_us_west_2.data.aws_iam_role.existing",
            "random_id.stack_id"
          ]
        }
      ]
    },
    {
      "module": "module.api_gateway_us_west_2",
      "mode": "managed",
      "type": "aws_api_gateway_method",
      "name": "method",
      "provider": "module.api_gateway_us_west_2.provider[\"registry.terraform.io/hashicorp/aws\"]",
      "instances": [
        {
          "schema_version": 0,
          "attributes": {
            "api_key_required": false,
            "authorization": "NONE",
            "authorization_scopes": [],
            "authorizer_id": "",
            "http_method": "ANY",
            "id": "agm-exa9tisfh6-22q4a3-ANY",
            "operation_name": "",
            "request_models": {},
            "request_parameters": {},
            "request_validator_id": "",
            "resource_id": "22q4a3",
            "rest_api_id": "exa9tisfh6"
          },
          "sensitive_attributes": [],
          "private": "bnVsbA==",
          "dependencies": [
            "module.api_gateway_us_west_2.aws_api_gateway_resource.resource",
            "module.api_gateway_us_west_2.aws_api_gateway_rest_api.api"
          ]
        }
      ]
    },
    {
      "module": "module.api_gateway_us_west_2",
      "mode": "managed",
      "type": "aws_api_gateway_resource",
      "name": "resource",
      "provider": "module.api_gateway_us_west_2.provider[\"registry.terraform.io/hashicorp/aws\"]",
      "instances": [
        {
          "schema_version": 0,
          "attributes": {
            "id": "22q4a3",
            "parent_id": "appndzk34m",
            "path": "/{proxy+}",
            "path_part": "{proxy+}",
            "rest_api_id": "exa9tisfh6"
          },
          "sensitive_attributes": [],
          "private": "bnVsbA==",
          "dependencies": [
            "module.api_gateway_us_west_2.aws_api_gateway_rest_api.api"
          ]
        }
      ]
    },
    {
      "module": "module.api_gateway_us_west_2",
      "mode": "managed",
      "type": "aws_api_gateway_rest_api",
      "name": "api",
      "provider": "module.api_gateway_us_west_2.provider[\"registry.terraform.io/hashicorp/aws\"]",
      "instances": [
        {
          "schema_version": 0,
          "attributes": {
            "api_key_source": "HEADER",
            "arn": "arn:aws:apigateway:us-west-2::/restapis/exa9tisfh6",
            "binary_media_types": [],
            "body": null,
            "created_date": "2024-01-18T15:19:25Z",
            "description": "API for summarization",
            "disable_execute_api_endpoint": false,
            "endpoint_configuration": [
              {
                "types": [
                  "EDGE"
                ],
                "vpc_endpoint_ids": []
              }
            ],
            "execution_arn": "arn:aws:execute-api:us-west-2:072581526228:exa9tisfh6",
            "fail_on_warnings": null,
            "id": "exa9tisfh6",
            "minimum_compression_size": "",
            "name": "SummarizationAPI",
            "parameters": null,
            "policy": "",
            "put_rest_api_mode": null,
            "root_resource_id": "appndzk34m",
            "tags": {},
            "tags_all": {}
          },
          "sensitive_attributes": [],
          "private": "bnVsbA=="
        }
      ]
    },
    {
      "module": "module.api_gateway_us_west_2",
      "mode": "managed",
      "type": "aws_lambda_permission",
      "name": "apigw",
      "provider": "module.api_gateway_us_west_2.provider[\"registry.terraform.io/hashicorp/aws\"]",
      "instances": [
        {
          "schema_version": 0,
          "attributes": {
            "action": "lambda:InvokeFunction",
            "event_source_token": null,
            "function_name": "lambda_function_us_west_2",
            "function_url_auth_type": null,
            "id": "AllowAPIGatewayInvoke",
            "principal": "apigateway.amazonaws.com",
            "principal_org_id": null,
            "qualifier": "",
            "source_account": null,
            "source_arn": "arn:aws:execute-api:us-west-2:072581526228:exa9tisfh6/prod/*/*",
            "statement_id": "AllowAPIGatewayInvoke",
            "statement_id_prefix": ""
          },
          "sensitive_attributes": [],
          "private": "bnVsbA==",
          "dependencies": [
            "module.api_gateway_us_west_2.aws_api_gateway_deployment.deployment",
            "module.api_gateway_us_west_2.aws_api_gateway_integration.integration",
            "module.api_gateway_us_west_2.aws_api_gateway_method.method",
            "module.api_gateway_us_west_2.aws_api_gateway_resource.resource",
            "module.api_gateway_us_west_2.aws_api_gateway_rest_api.api",
            "module.lambda_us_west_2.aws_lambda_function.summarise_function",
            "module.lambda_us_west_2.aws_s3_bucket.deployment_bucket",
            "module.lambda_us_west_2.aws_s3_object.summarise_deployment_package",
            "module.lambda_us_west_2.data.aws_iam_role.existing",
            "random_id.stack_id"
          ]
        }
      ]
    },
    {
      "module": "module.bucket-triggered-function",
      "mode": "managed",
      "type": "google_cloudfunctions2_function",
      "name": "default",
      "provider": "provider[\"registry.terraform.io/hashicorp/google\"]",
      "instances": [
        {
          "status": "tainted",
          "schema_version": 0,
          "attributes": {
            "build_config": [
              {
                "build": "",
                "docker_repository": "",
                "entry_point": "function.summarise",
                "environment_variables": {},
                "runtime": "java11",
                "source": [
                  {
                    "repo_source": [],
                    "storage_source": [
                      {
                        "bucket": "0fe31b17b846d990-function-bucket",
                        "generation": 0,
                        "object": "summarise-1.0-SNAPSHOT.jar"
                      }
                    ]
                  }
                ],
                "worker_pool": ""
              }
            ],
            "description": "gcp_function",
            "effective_labels": null,
            "environment": null,
            "event_trigger": [],
            "id": "projects/crafty-tractor-401010/locations/us-central1/functions/read-from-bucket",
            "kms_key_name": null,
            "labels": null,
            "location": "us-central1",
            "name": "read-from-bucket",
            "project": "crafty-tractor-401010",
            "service_config": [
              {
                "all_traffic_on_latest_revision": true,
                "available_cpu": "",
                "available_memory": "256Mi",
                "environment_variables": {
                  "OUTPUT_BUCKET_NAME": "d485cbce1478d45c-summarized-documents-bucket",
                  "PROCESSOR_ID": "projects/crafty-tractor-401010/locations/us/processors/ad7c8f6821119c05"
                },
                "gcf_uri": "",
                "ingress_settings": "ALLOW_INTERNAL_ONLY",
                "max_instance_count": 1,
                "max_instance_request_concurrency": 0,
                "min_instance_count": 0,
                "secret_environment_variables": [],
                "secret_volumes": [],
                "service": "",
                "service_account_email": "crafty-tractor-401010@appspot.gserviceaccount.com",
                "timeout_seconds": 60,
                "uri": "",
                "vpc_connector": "",
                "vpc_connector_egress_settings": ""
              }
            ],
            "state": null,
            "terraform_labels": null,
            "timeouts": null,
            "update_time": null,
            "url": null
          },
          "sensitive_attributes": [],
          "private": "eyJlMmJmYjczMC1lY2FhLTExZTYtOGY4OC0zNDM2M2JjN2M0YzAiOnsiY3JlYXRlIjozNjAwMDAwMDAwMDAwLCJkZWxldGUiOjM2MDAwMDAwMDAwMDAsInVwZGF0ZSI6MzYwMDAwMDAwMDAwMH19",
          "dependencies": [
            "google_document_ai_processor.summarizer_processor",
            "google_storage_bucket.function_bucket",
            "google_storage_bucket.processed_documents_bucket",
            "module.bucket-triggered-function.google_storage_bucket_object.object",
            "random_id.function_bucket",
            "random_id.processed_documents_bucket"
          ]
        }
      ]
    },
    {
      "module": "module.bucket-triggered-function",
      "mode": "managed",
      "type": "google_storage_bucket_object",
      "name": "object",
      "provider": "provider[\"registry.terraform.io/hashicorp/google\"]",
      "instances": [
        {
          "schema_version": 0,
          "attributes": {
            "bucket": "0fe31b17b846d990-function-bucket",
            "cache_control": "",
            "content": null,
            "content_disposition": "",
            "content_encoding": "",
            "content_language": "",
            "content_type": "application/zip",
            "crc32c": "b38zmg==",
            "customer_encryption": [],
            "detect_md5hash": "i2gGwXqkNap0asrUq9A1jQ==",
            "event_based_hold": false,
            "id": "0fe31b17b846d990-function-bucket-summarise-1.0-SNAPSHOT.jar",
            "kms_key_name": "",
            "md5hash": "i2gGwXqkNap0asrUq9A1jQ==",
            "media_link": "https://storage.googleapis.com/download/storage/v1/b/0fe31b17b846d990-function-bucket/o/summarise-1.0-SNAPSHOT.jar?generation=1705596502037934\u0026alt=media",
            "metadata": null,
            "name": "summarise-1.0-SNAPSHOT.jar",
            "output_name": "summarise-1.0-SNAPSHOT.jar",
            "retention": [],
            "self_link": "https://www.googleapis.com/storage/v1/b/0fe31b17b846d990-function-bucket/o/summarise-1.0-SNAPSHOT.jar",
            "source": "./../../DAECCProject/summarise/target/deployable/summarise-1.0-SNAPSHOT.jar",
            "storage_class": "STANDARD",
            "temporary_hold": false,
            "timeouts": null
          },
          "sensitive_attributes": [],
          "private": "eyJlMmJmYjczMC1lY2FhLTExZTYtOGY4OC0zNDM2M2JjN2M0YzAiOnsiY3JlYXRlIjoyNDAwMDAwMDAwMDAsImRlbGV0ZSI6MjQwMDAwMDAwMDAwLCJ1cGRhdGUiOjI0MDAwMDAwMDAwMH19",
          "dependencies": [
            "google_storage_bucket.function_bucket",
            "random_id.function_bucket"
          ]
        }
      ]
    },
    {
      "module": "module.lambda_us_east_1",
      "mode": "data",
      "type": "aws_iam_role",
      "name": "existing",
      "provider": "module.lambda_us_east_1.provider[\"registry.terraform.io/hashicorp/aws\"]",
      "instances": [
        {
          "schema_version": 0,
          "attributes": {
            "arn": "arn:aws:iam::072581526228:role/LabRole",
            "assume_role_policy": "{\"Version\":\"2012-10-17\",\"Statement\":[{\"Effect\":\"Allow\",\"Principal\":{\"Service\":[\"deepracer.amazonaws.com\",\"apigateway.amazonaws.com\",\"firehose.amazonaws.com\",\"states.amazonaws.com\",\"autoscaling.amazonaws.com\",\"sagemaker.amazonaws.com\",\"cognito-idp.amazonaws.com\",\"resource-groups.amazonaws.com\",\"ec2.application-autoscaling.amazonaws.com\",\"eks-fargate-pods.amazonaws.com\",\"kinesisanalytics.amazonaws.com\",\"quicksight.amazonaws.com\",\"forecast.amazonaws.com\",\"elasticmapreduce.amazonaws.com\",\"athena.amazonaws.com\",\"redshift.amazonaws.com\",\"dynamodb.amazonaws.com\",\"databrew.amazonaws.com\",\"codedeploy.amazonaws.com\",\"sqs.amazonaws.com\",\"ssm.amazonaws.com\",\"rekognition.amazonaws.com\",\"iotanalytics.amazonaws.com\",\"cloudformation.amazonaws.com\",\"elasticfilesystem.amazonaws.com\",\"kinesis.amazonaws.com\",\"kms.amazonaws.com\",\"application-autoscaling.amazonaws.com\",\"elasticloadbalancing.amazonaws.com\",\"secretsmanager.amazonaws.com\",\"sns.amazonaws.com\",\"s3.amazonaws.com\",\"cloudtrail.amazonaws.com\",\"ec2.amazonaws.com\",\"glue.amazonaws.com\",\"logs.amazonaws.com\",\"credentials.iot.amazonaws.com\",\"eks.amazonaws.com\",\"lex.amazonaws.com\",\"iot.amazonaws.com\",\"kendra.amazonaws.com\",\"iotevents.amazonaws.com\",\"codecommit.amazonaws.com\",\"personalize.amazonaws.com\",\"storagegateway.amazonaws.com\",\"lambda.amazonaws.com\",\"cloudfront.amazonaws.com\",\"events.amazonaws.com\",\"datapipeline.amazonaws.com\",\"codewhisperer.amazonaws.com\",\"elasticbeanstalk.amazonaws.com\",\"rds.amazonaws.com\",\"servicecatalog.amazonaws.com\",\"backup.amazonaws.com\",\"ecs-tasks.amazonaws.com\",\"batch.amazonaws.com\",\"scheduler.amazonaws.com\",\"cloud9.amazonaws.com\",\"robomaker.amazonaws.com\"],\"AWS\":\"arn:aws:iam::072581526228:role/LabRole\"},\"Action\":\"sts:AssumeRole\"}]}",
            "create_date": "2023-11-29T08:15:04Z",
            "description": "",
            "id": "LabRole",
            "max_session_duration": 3600,
            "name": "LabRole",
            "path": "/",
            "permissions_boundary": "",
            "role_last_used": [
              {
                "last_used_date": "2024-01-18T16:29:50Z",
                "region": "us-east-1"
              }
            ],
            "tags": {
              "cloudlab": "c102111a2339460l5371462t1w072581526228"
            },
            "unique_id": "AROARBZRSGLKEVNZKIGPA"
          },
          "sensitive_attributes": []
        }
      ]
    },
    {
      "module": "module.lambda_us_east_1",
      "mode": "managed",
      "type": "aws_lambda_function",
      "name": "summarise_function",
      "provider": "module.lambda_us_east_1.provider[\"registry.terraform.io/hashicorp/aws\"]",
      "instances": [
        {
          "schema_version": 0,
          "attributes": {
            "architectures": [
              "x86_64"
            ],
            "arn": "arn:aws:lambda:us-east-1:072581526228:function:lambda_function_us_east_1",
            "code_signing_config_arn": "",
            "dead_letter_config": [],
            "description": "",
            "environment": [],
            "ephemeral_storage": [
              {
                "size": 512
              }
            ],
            "file_system_config": [],
            "filename": null,
            "function_name": "lambda_function_us_east_1",
            "handler": "function.summarise::handleRequest",
            "id": "lambda_function_us_east_1",
            "image_config": [],
            "image_uri": "",
            "invoke_arn": "arn:aws:apigateway:us-east-1:lambda:path/2015-03-31/functions/arn:aws:lambda:us-east-1:072581526228:function:lambda_function_us_east_1/invocations",
            "kms_key_arn": "",
            "last_modified": "2024-01-18T15:19:39.890+0000",
            "layers": [],
            "logging_config": [
              {
                "application_log_level": "",
                "log_format": "Text",
                "log_group": "/aws/lambda/lambda_function_us_east_1",
                "system_log_level": ""
              }
            ],
            "memory_size": 512,
            "package_type": "Zip",
            "publish": false,
            "qualified_arn": "arn:aws:lambda:us-east-1:072581526228:function:lambda_function_us_east_1:$LATEST",
            "qualified_invoke_arn": "arn:aws:apigateway:us-east-1:lambda:path/2015-03-31/functions/arn:aws:lambda:us-east-1:072581526228:function:lambda_function_us_east_1:$LATEST/invocations",
            "replace_security_groups_on_destroy": null,
            "replacement_security_group_ids": null,
            "reserved_concurrent_executions": -1,
            "role": "arn:aws:iam::072581526228:role/LabRole",
            "runtime": "java11",
            "s3_bucket": "deployment-packages-us-east-1-4f1d02c1ecc84629",
            "s3_key": "summarize.jar",
            "s3_object_version": null,
            "signing_job_arn": "",
            "signing_profile_version_arn": "",
            "skip_destroy": false,
            "snap_start": [],
            "source_code_hash": "my4q6lmknMqCV+WpCc2QLEdO3d5OieN5s9vR1mVvT3o=",
            "source_code_size": 62481462,
            "tags": {},
            "tags_all": {},
            "timeout": 900,
            "timeouts": null,
            "tracing_config": [
              {
                "mode": "PassThrough"
              }
            ],
            "version": "$LATEST",
            "vpc_config": []
          },
          "sensitive_attributes": [],
          "private": "eyJlMmJmYjczMC1lY2FhLTExZTYtOGY4OC0zNDM2M2JjN2M0YzAiOnsiY3JlYXRlIjo2MDAwMDAwMDAwMDAsImRlbGV0ZSI6NjAwMDAwMDAwMDAwLCJ1cGRhdGUiOjYwMDAwMDAwMDAwMH19",
          "dependencies": [
            "module.lambda_us_east_1.aws_s3_bucket.deployment_bucket",
            "module.lambda_us_east_1.aws_s3_object.summarise_deployment_package",
            "module.lambda_us_east_1.data.aws_iam_role.existing",
            "random_id.stack_id"
          ]
        }
      ]
    },
    {
      "module": "module.lambda_us_east_1",
      "mode": "managed",
      "type": "aws_s3_bucket",
      "name": "deployment_bucket",
      "provider": "module.lambda_us_east_1.provider[\"registry.terraform.io/hashicorp/aws\"]",
      "instances": [
        {
          "schema_version": 0,
          "attributes": {
            "acceleration_status": "",
            "acl": null,
            "arn": "arn:aws:s3:::deployment-packages-us-east-1-4f1d02c1ecc84629",
            "bucket": "deployment-packages-us-east-1-4f1d02c1ecc84629",
            "bucket_domain_name": "deployment-packages-us-east-1-4f1d02c1ecc84629.s3.amazonaws.com",
            "bucket_prefix": "",
            "bucket_regional_domain_name": "deployment-packages-us-east-1-4f1d02c1ecc84629.s3.us-east-1.amazonaws.com",
            "cors_rule": [],
            "force_destroy": true,
            "grant": [
              {
                "id": "1cf8a496ed5e5493a3b7ed4ecd0575012cb1068aaba14ba35be6875374caa19a",
                "permissions": [
                  "FULL_CONTROL"
                ],
                "type": "CanonicalUser",
                "uri": ""
              }
            ],
            "hosted_zone_id": "Z3AQBSTGFYJSTF",
            "id": "deployment-packages-us-east-1-4f1d02c1ecc84629",
            "lifecycle_rule": [],
            "logging": [],
            "object_lock_configuration": [],
            "object_lock_enabled": false,
            "policy": "",
            "region": "us-east-1",
            "replication_configuration": [],
            "request_payer": "BucketOwner",
            "server_side_encryption_configuration": [
              {
                "rule": [
                  {
                    "apply_server_side_encryption_by_default": [
                      {
                        "kms_master_key_id": "",
                        "sse_algorithm": "AES256"
                      }
                    ],
                    "bucket_key_enabled": false
                  }
                ]
              }
            ],
            "tags": {},
            "tags_all": {},
            "timeouts": null,
            "versioning": [
              {
                "enabled": false,
                "mfa_delete": false
              }
            ],
            "website": [],
            "website_domain": null,
            "website_endpoint": null
          },
          "sensitive_attributes": [],
          "private": "eyJlMmJmYjczMC1lY2FhLTExZTYtOGY4OC0zNDM2M2JjN2M0YzAiOnsiY3JlYXRlIjoxMjAwMDAwMDAwMDAwLCJkZWxldGUiOjM2MDAwMDAwMDAwMDAsInJlYWQiOjEyMDAwMDAwMDAwMDAsInVwZGF0ZSI6MTIwMDAwMDAwMDAwMH19",
          "dependencies": [
            "random_id.stack_id"
          ]
        }
      ]
    },
    {
      "module": "module.lambda_us_east_1",
      "mode": "managed",
      "type": "aws_s3_object",
      "name": "summarise_deployment_package",
      "provider": "module.lambda_us_east_1.provider[\"registry.terraform.io/hashicorp/aws\"]",
      "instances": [
        {
          "schema_version": 0,
          "attributes": {
            "acl": "private",
            "bucket": "deployment-packages-us-east-1-4f1d02c1ecc84629",
            "bucket_key_enabled": false,
            "cache_control": "",
            "checksum_algorithm": null,
            "checksum_crc32": "",
            "checksum_crc32c": "",
            "checksum_sha1": "",
            "checksum_sha256": "",
            "content": null,
            "content_base64": null,
            "content_disposition": "",
            "content_encoding": "",
            "content_language": "",
            "content_type": "binary/octet-stream",
            "etag": "05f6f42c6d386ea7e8024757145bacee-12",
            "force_destroy": false,
            "id": "summarize.jar",
            "key": "summarize.jar",
            "kms_key_id": null,
            "metadata": {},
            "object_lock_legal_hold_status": "",
            "object_lock_mode": "",
            "object_lock_retain_until_date": "",
            "override_provider": [],
            "server_side_encryption": "AES256",
            "source": "./../../DAECCProject/summarise/target/deployable/summarise-1.0-SNAPSHOT.jar",
            "source_hash": null,
            "storage_class": "STANDARD",
            "tags": {},
            "tags_all": {},
            "version_id": "",
            "website_redirect": ""
          },
          "sensitive_attributes": [],
          "private": "bnVsbA==",
          "dependencies": [
            "module.lambda_us_east_1.aws_s3_bucket.deployment_bucket",
            "random_id.stack_id"
          ]
        }
      ]
    },
    {
      "module": "module.lambda_us_west_2",
      "mode": "data",
      "type": "aws_iam_role",
      "name": "existing",
      "provider": "module.lambda_us_west_2.provider[\"registry.terraform.io/hashicorp/aws\"]",
      "instances": [
        {
          "schema_version": 0,
          "attributes": {
            "arn": "arn:aws:iam::072581526228:role/LabRole",
            "assume_role_policy": "{\"Version\":\"2012-10-17\",\"Statement\":[{\"Effect\":\"Allow\",\"Principal\":{\"AWS\":\"arn:aws:iam::072581526228:role/LabRole\",\"Service\":[\"cloudformation.amazonaws.com\",\"ec2.application-autoscaling.amazonaws.com\",\"quicksight.amazonaws.com\",\"autoscaling.amazonaws.com\",\"elasticbeanstalk.amazonaws.com\",\"sagemaker.amazonaws.com\",\"resource-groups.amazonaws.com\",\"kms.amazonaws.com\",\"ssm.amazonaws.com\",\"eks-fargate-pods.amazonaws.com\",\"apigateway.amazonaws.com\",\"firehose.amazonaws.com\",\"cognito-idp.amazonaws.com\",\"deepracer.amazonaws.com\",\"codewhisperer.amazonaws.com\",\"elasticmapreduce.amazonaws.com\",\"athena.amazonaws.com\",\"kinesisanalytics.amazonaws.com\",\"kinesis.amazonaws.com\",\"kendra.amazonaws.com\",\"codedeploy.amazonaws.com\",\"eks.amazonaws.com\",\"sqs.amazonaws.com\",\"s3.amazonaws.com\",\"databrew.amazonaws.com\",\"secretsmanager.amazonaws.com\",\"redshift.amazonaws.com\",\"iotanalytics.amazonaws.com\",\"elasticfilesystem.amazonaws.com\",\"ecs-tasks.amazonaws.com\",\"sns.amazonaws.com\",\"storagegateway.amazonaws.com\",\"elasticloadbalancing.amazonaws.com\",\"iotevents.amazonaws.com\",\"codecommit.amazonaws.com\",\"iot.amazonaws.com\",\"application-autoscaling.amazonaws.com\",\"datapipeline.amazonaws.com\",\"rekognition.amazonaws.com\",\"cloudtrail.amazonaws.com\",\"dynamodb.amazonaws.com\",\"ec2.amazonaws.com\",\"personalize.amazonaws.com\",\"cloudfront.amazonaws.com\",\"glue.amazonaws.com\",\"lambda.amazonaws.com\",\"backup.amazonaws.com\",\"lex.amazonaws.com\",\"forecast.amazonaws.com\",\"rds.amazonaws.com\",\"logs.amazonaws.com\",\"events.amazonaws.com\",\"credentials.iot.amazonaws.com\",\"servicecatalog.amazonaws.com\",\"states.amazonaws.com\",\"scheduler.amazonaws.com\",\"batch.amazonaws.com\",\"cloud9.amazonaws.com\",\"robomaker.amazonaws.com\"]},\"Action\":\"sts:AssumeRole\"}]}",
            "create_date": "2023-11-29T08:15:04Z",
            "description": "",
            "id": "LabRole",
            "max_session_duration": 3600,
            "name": "LabRole",
            "path": "/",
            "permissions_boundary": "",
            "role_last_used": [
              {
                "last_used_date": "2024-01-18T16:29:50Z",
                "region": "us-east-1"
              }
            ],
            "tags": {
              "cloudlab": "c102111a2339460l5371462t1w072581526228"
            },
            "unique_id": "AROARBZRSGLKEVNZKIGPA"
          },
          "sensitive_attributes": []
        }
      ]
    },
    {
      "module": "module.lambda_us_west_2",
      "mode": "managed",
      "type": "aws_lambda_function",
      "name": "summarise_function",
      "provider": "module.lambda_us_west_2.provider[\"registry.terraform.io/hashicorp/aws\"]",
      "instances": [
        {
          "schema_version": 0,
          "attributes": {
            "architectures": [
              "x86_64"
            ],
            "arn": "arn:aws:lambda:us-west-2:072581526228:function:lambda_function_us_west_2",
            "code_signing_config_arn": "",
            "dead_letter_config": [],
            "description": "",
            "environment": [],
            "ephemeral_storage": [
              {
                "size": 512
              }
            ],
            "file_system_config": [],
            "filename": null,
            "function_name": "lambda_function_us_west_2",
            "handler": "function.summarise::handleRequest",
            "id": "lambda_function_us_west_2",
            "image_config": [],
            "image_uri": "",
            "invoke_arn": "arn:aws:apigateway:us-west-2:lambda:path/2015-03-31/functions/arn:aws:lambda:us-west-2:072581526228:function:lambda_function_us_west_2/invocations",
            "kms_key_arn": "",
            "last_modified": "2024-01-18T15:19:44.394+0000",
            "layers": [],
            "logging_config": [
              {
                "application_log_level": "",
                "log_format": "Text",
                "log_group": "/aws/lambda/lambda_function_us_west_2",
                "system_log_level": ""
              }
            ],
            "memory_size": 512,
            "package_type": "Zip",
            "publish": false,
            "qualified_arn": "arn:aws:lambda:us-west-2:072581526228:function:lambda_function_us_west_2:$LATEST",
            "qualified_invoke_arn": "arn:aws:apigateway:us-west-2:lambda:path/2015-03-31/functions/arn:aws:lambda:us-west-2:072581526228:function:lambda_function_us_west_2:$LATEST/invocations",
            "replace_security_groups_on_destroy": null,
            "replacement_security_group_ids": null,
            "reserved_concurrent_executions": -1,
            "role": "arn:aws:iam::072581526228:role/LabRole",
            "runtime": "java11",
            "s3_bucket": "deployment-packages-us-west-2-4f1d02c1ecc84629",
            "s3_key": "summarize.jar",
            "s3_object_version": null,
            "signing_job_arn": "",
            "signing_profile_version_arn": "",
            "skip_destroy": false,
            "snap_start": [],
            "source_code_hash": "my4q6lmknMqCV+WpCc2QLEdO3d5OieN5s9vR1mVvT3o=",
            "source_code_size": 62481462,
            "tags": {},
            "tags_all": {},
            "timeout": 900,
            "timeouts": null,
            "tracing_config": [
              {
                "mode": "PassThrough"
              }
            ],
            "version": "$LATEST",
            "vpc_config": []
          },
          "sensitive_attributes": [],
          "private": "eyJlMmJmYjczMC1lY2FhLTExZTYtOGY4OC0zNDM2M2JjN2M0YzAiOnsiY3JlYXRlIjo2MDAwMDAwMDAwMDAsImRlbGV0ZSI6NjAwMDAwMDAwMDAwLCJ1cGRhdGUiOjYwMDAwMDAwMDAwMH19",
          "dependencies": [
            "module.lambda_us_west_2.aws_s3_bucket.deployment_bucket",
            "module.lambda_us_west_2.aws_s3_object.summarise_deployment_package",
            "module.lambda_us_west_2.data.aws_iam_role.existing",
            "random_id.stack_id"
          ]
        }
      ]
    },
    {
      "module": "module.lambda_us_west_2",
      "mode": "managed",
      "type": "aws_s3_bucket",
      "name": "deployment_bucket",
      "provider": "module.lambda_us_west_2.provider[\"registry.terraform.io/hashicorp/aws\"]",
      "instances": [
        {
          "schema_version": 0,
          "attributes": {
            "acceleration_status": "",
            "acl": null,
            "arn": "arn:aws:s3:::deployment-packages-us-west-2-4f1d02c1ecc84629",
            "bucket": "deployment-packages-us-west-2-4f1d02c1ecc84629",
            "bucket_domain_name": "deployment-packages-us-west-2-4f1d02c1ecc84629.s3.amazonaws.com",
            "bucket_prefix": "",
            "bucket_regional_domain_name": "deployment-packages-us-west-2-4f1d02c1ecc84629.s3.us-west-2.amazonaws.com",
            "cors_rule": [],
            "force_destroy": true,
            "grant": [
              {
                "id": "1cf8a496ed5e5493a3b7ed4ecd0575012cb1068aaba14ba35be6875374caa19a",
                "permissions": [
                  "FULL_CONTROL"
                ],
                "type": "CanonicalUser",
                "uri": ""
              }
            ],
            "hosted_zone_id": "Z3BJ6K6RIION7M",
            "id": "deployment-packages-us-west-2-4f1d02c1ecc84629",
            "lifecycle_rule": [],
            "logging": [],
            "object_lock_configuration": [],
            "object_lock_enabled": false,
            "policy": "",
            "region": "us-west-2",
            "replication_configuration": [],
            "request_payer": "BucketOwner",
            "server_side_encryption_configuration": [
              {
                "rule": [
                  {
                    "apply_server_side_encryption_by_default": [
                      {
                        "kms_master_key_id": "",
                        "sse_algorithm": "AES256"
                      }
                    ],
                    "bucket_key_enabled": false
                  }
                ]
              }
            ],
            "tags": {},
            "tags_all": {},
            "timeouts": null,
            "versioning": [
              {
                "enabled": false,
                "mfa_delete": false
              }
            ],
            "website": [],
            "website_domain": null,
            "website_endpoint": null
          },
          "sensitive_attributes": [],
          "private": "eyJlMmJmYjczMC1lY2FhLTExZTYtOGY4OC0zNDM2M2JjN2M0YzAiOnsiY3JlYXRlIjoxMjAwMDAwMDAwMDAwLCJkZWxldGUiOjM2MDAwMDAwMDAwMDAsInJlYWQiOjEyMDAwMDAwMDAwMDAsInVwZGF0ZSI6MTIwMDAwMDAwMDAwMH19",
          "dependencies": [
            "random_id.stack_id"
          ]
        }
      ]
    },
    {
      "module": "module.lambda_us_west_2",
      "mode": "managed",
      "type": "aws_s3_object",
      "name": "summarise_deployment_package",
      "provider": "module.lambda_us_west_2.provider[\"registry.terraform.io/hashicorp/aws\"]",
      "instances": [
        {
          "schema_version": 0,
          "attributes": {
            "acl": "private",
            "bucket": "deployment-packages-us-west-2-4f1d02c1ecc84629",
            "bucket_key_enabled": false,
            "cache_control": "",
            "checksum_algorithm": null,
            "checksum_crc32": "",
            "checksum_crc32c": "",
            "checksum_sha1": "",
            "checksum_sha256": "",
            "content": null,
            "content_base64": null,
            "content_disposition": "",
            "content_encoding": "",
            "content_language": "",
            "content_type": "binary/octet-stream",
            "etag": "05f6f42c6d386ea7e8024757145bacee-12",
            "force_destroy": false,
            "id": "summarize.jar",
            "key": "summarize.jar",
            "kms_key_id": null,
            "metadata": {},
            "object_lock_legal_hold_status": "",
            "object_lock_mode": "",
            "object_lock_retain_until_date": "",
            "override_provider": [],
            "server_side_encryption": "AES256",
            "source": "./../../DAECCProject/summarise/target/deployable/summarise-1.0-SNAPSHOT.jar",
            "source_hash": null,
            "storage_class": "STANDARD",
            "tags": {},
            "tags_all": {},
            "version_id": "",
            "website_redirect": ""
          },
          "sensitive_attributes": [],
          "private": "bnVsbA==",
          "dependencies": [
            "module.lambda_us_west_2.aws_s3_bucket.deployment_bucket",
            "random_id.stack_id"
          ]
        }
      ]
    },
    {
      "module": "module.sagemaker",
      "mode": "data",
      "type": "aws_iam_role",
      "name": "labrole",
      "provider": "module.sagemaker.provider[\"registry.terraform.io/hashicorp/aws\"]",
      "instances": [
        {
          "schema_version": 0,
          "attributes": {
            "arn": "arn:aws:iam::072581526228:role/LabRole",
            "assume_role_policy": "{\"Version\":\"2012-10-17\",\"Statement\":[{\"Effect\":\"Allow\",\"Principal\":{\"AWS\":\"arn:aws:iam::072581526228:role/LabRole\",\"Service\":[\"iot.amazonaws.com\",\"iotanalytics.amazonaws.com\",\"elasticfilesystem.amazonaws.com\",\"iotevents.amazonaws.com\",\"sns.amazonaws.com\",\"elasticloadbalancing.amazonaws.com\",\"lambda.amazonaws.com\",\"codecommit.amazonaws.com\",\"storagegateway.amazonaws.com\",\"ecs-tasks.amazonaws.com\",\"logs.amazonaws.com\",\"events.amazonaws.com\",\"application-autoscaling.amazonaws.com\",\"rekognition.amazonaws.com\",\"eks.amazonaws.com\",\"kinesis.amazonaws.com\",\"kendra.amazonaws.com\",\"secretsmanager.amazonaws.com\",\"eks-fargate-pods.amazonaws.com\",\"databrew.amazonaws.com\",\"cloudtrail.amazonaws.com\",\"ssm.amazonaws.com\",\"glue.amazonaws.com\",\"quicksight.amazonaws.com\",\"deepracer.amazonaws.com\",\"kinesisanalytics.amazonaws.com\",\"cognito-idp.amazonaws.com\",\"dynamodb.amazonaws.com\",\"cloudformation.amazonaws.com\",\"resource-groups.amazonaws.com\",\"elasticmapreduce.amazonaws.com\",\"kms.amazonaws.com\",\"sagemaker.amazonaws.com\",\"autoscaling.amazonaws.com\",\"robomaker.amazonaws.com\",\"batch.amazonaws.com\",\"scheduler.amazonaws.com\",\"redshift.amazonaws.com\",\"s3.amazonaws.com\",\"firehose.amazonaws.com\",\"apigateway.amazonaws.com\",\"codedeploy.amazonaws.com\",\"states.amazonaws.com\",\"ec2.application-autoscaling.amazonaws.com\",\"elasticbeanstalk.amazonaws.com\",\"backup.amazonaws.com\",\"servicecatalog.amazonaws.com\",\"forecast.amazonaws.com\",\"sqs.amazonaws.com\",\"personalize.amazonaws.com\",\"cloudfront.amazonaws.com\",\"cloud9.amazonaws.com\",\"athena.amazonaws.com\",\"credentials.iot.amazonaws.com\",\"ec2.amazonaws.com\",\"codewhisperer.amazonaws.com\",\"datapipeline.amazonaws.com\",\"rds.amazonaws.com\",\"lex.amazonaws.com\"]},\"Action\":\"sts:AssumeRole\"}]}",
            "create_date": "2023-11-29T08:15:04Z",
            "description": "",
            "id": "LabRole",
            "max_session_duration": 3600,
            "name": "LabRole",
            "path": "/",
            "permissions_boundary": "",
            "role_last_used": [
              {
                "last_used_date": "2024-01-18T16:29:50Z",
                "region": "us-east-1"
              }
            ],
            "tags": {
              "cloudlab": "c102111a2339460l5371462t1w072581526228"
            },
            "unique_id": "AROARBZRSGLKEVNZKIGPA"
          },
          "sensitive_attributes": []
        }
      ]
    },
    {
      "module": "module.sagemaker",
      "mode": "managed",
      "type": "aws_sagemaker_endpoint",
      "name": "myendpoint",
      "provider": "module.sagemaker.provider[\"registry.terraform.io/hashicorp/aws\"]",
      "instances": [
        {
          "schema_version": 0,
          "attributes": {
            "arn": "arn:aws:sagemaker:us-east-1:072581526228:endpoint/summarizer-endpoint",
            "deployment_config": [],
            "endpoint_config_name": "summarizer-endpoint-config",
            "id": "summarizer-endpoint",
            "name": "summarizer-endpoint",
            "tags": {},
            "tags_all": {}
          },
          "sensitive_attributes": [],
          "private": "bnVsbA==",
          "dependencies": [
            "module.sagemaker.aws_sagemaker_endpoint_configuration.myconfig",
            "module.sagemaker.aws_sagemaker_model.mymodel",
            "module.sagemaker.data.aws_iam_role.labrole"
          ]
        }
      ]
    },
    {
      "module": "module.sagemaker",
      "mode": "managed",
      "type": "aws_sagemaker_endpoint_configuration",
      "name": "myconfig",
      "provider": "module.sagemaker.provider[\"registry.terraform.io/hashicorp/aws\"]",
      "instances": [
        {
          "schema_version": 0,
          "attributes": {
            "arn": "arn:aws:sagemaker:us-east-1:072581526228:endpoint-config/summarizer-endpoint-config",
            "async_inference_config": [],
            "data_capture_config": [],
            "id": "summarizer-endpoint-config",
            "kms_key_arn": "",
            "name": "summarizer-endpoint-config",
            "name_prefix": "",
            "production_variants": [
              {
                "accelerator_type": "",
                "container_startup_health_check_timeout_in_seconds": 0,
                "core_dump_config": [],
                "enable_ssm_access": false,
                "initial_instance_count": 1,
                "initial_variant_weight": 1,
                "instance_type": "ml.p2.xlarge",
                "model_data_download_timeout_in_seconds": 0,
                "model_name": "huggingface-summarization-distilbart-cnn-6-6",
                "serverless_config": [],
                "variant_name": "variant-1",
                "volume_size_in_gb": 0
              }
            ],
            "shadow_production_variants": [],
            "tags": {},
            "tags_all": {}
          },
          "sensitive_attributes": [],
          "private": "bnVsbA==",
          "dependencies": [
            "module.sagemaker.aws_sagemaker_model.mymodel",
            "module.sagemaker.data.aws_iam_role.labrole"
          ]
        }
      ]
    },
    {
      "module": "module.sagemaker",
      "mode": "managed",
      "type": "aws_sagemaker_model",
      "name": "mymodel",
      "provider": "module.sagemaker.provider[\"registry.terraform.io/hashicorp/aws\"]",
      "instances": [
        {
          "schema_version": 0,
          "attributes": {
            "arn": "arn:aws:sagemaker:us-east-1:072581526228:model/huggingface-summarization-distilbart-cnn-6-6",
            "container": [],
            "enable_network_isolation": false,
            "execution_role_arn": "arn:aws:iam::072581526228:role/LabRole",
            "id": "huggingface-summarization-distilbart-cnn-6-6",
            "inference_execution_config": [],
            "name": "huggingface-summarization-distilbart-cnn-6-6",
            "primary_container": [
              {
                "container_hostname": "",
                "environment": {},
                "image": "763104351884.dkr.ecr.us-east-1.amazonaws.com/huggingface-pytorch-inference:1.13.1-transformers4.26.0-gpu-py39-cu117-ubuntu20.04",
                "image_config": [],
                "mode": "SingleModel",
                "model_data_source": [
                  {
                    "s3_data_source": [
                      {
                        "compression_type": "Gzip",
                        "s3_data_type": "S3Object",
                        "s3_uri": "s3://jumpstart-cache-prod-us-east-1/huggingface-infer/prepack/v1.0.0/infer-prepack-huggingface-summarization-distilbart-cnn-6-6.tar.gz"
                      }
                    ]
                  }
                ],
                "model_data_url": "s3://jumpstart-cache-prod-us-east-1/huggingface-infer/prepack/v1.0.0/infer-prepack-huggingface-summarization-distilbart-cnn-6-6.tar.gz",
                "model_package_name": ""
              }
            ],
            "tags": {},
            "tags_all": {},
            "vpc_config": []
          },
          "sensitive_attributes": [],
          "private": "bnVsbA==",
          "dependencies": [
            "module.sagemaker.data.aws_iam_role.labrole"
          ]
        }
      ]
    }
  ],
  "check_results": null
}
