{
  "version": 4,
  "terraform_version": "1.6.5",
  "serial": 45,
  "lineage": "06c9947b-72f0-470a-7457-8fd468a14acf",
  "outputs": {},
  "resources": [
    {
      "module": "module.api_gateway_us_east_1",
      "mode": "managed",
      "type": "aws_api_gateway_deployment",
      "name": "deployment",
      "provider": "module.api_gateway_us_east_1.provider[\"registry.terraform.io/hashicorp/aws\"]",
      "instances": [
        {
          "schema_version": 0,
          "attributes": {
            "created_date": "2023-12-13T11:56:30Z",
            "description": "",
            "execution_arn": "arn:aws:execute-api:us-east-1:072581526228:759uz6lgih/prod",
            "id": "nftg3e",
            "invoke_url": "https://759uz6lgih.execute-api.us-east-1.amazonaws.com/prod",
            "rest_api_id": "759uz6lgih",
            "stage_description": null,
            "stage_name": "prod",
            "triggers": null,
            "variables": null
          },
          "sensitive_attributes": [],
          "private": "bnVsbA==",
          "dependencies": [
            "module.api_gateway_us_east_1.aws_api_gateway_integration.integration",
            "module.api_gateway_us_east_1.aws_api_gateway_method.method",
            "module.api_gateway_us_east_1.aws_api_gateway_resource.resource",
            "module.api_gateway_us_east_1.aws_api_gateway_rest_api.api",
            "module.lambda_us_east_1.aws_lambda_function.lambda",
            "module.lambda_us_east_1.data.archive_file.lambda_zip",
            "module.lambda_us_east_1.data.aws_iam_role.existing"
          ]
        }
      ]
    },
    {
      "module": "module.api_gateway_us_east_1",
      "mode": "managed",
      "type": "aws_api_gateway_integration",
      "name": "integration",
      "provider": "module.api_gateway_us_east_1.provider[\"registry.terraform.io/hashicorp/aws\"]",
      "instances": [
        {
          "schema_version": 0,
          "attributes": {
            "cache_key_parameters": [],
            "cache_namespace": "1alw91",
            "connection_id": "",
            "connection_type": "INTERNET",
            "content_handling": "",
            "credentials": "",
            "http_method": "ANY",
            "id": "agi-759uz6lgih-1alw91-ANY",
            "integration_http_method": "POST",
            "passthrough_behavior": "WHEN_NO_MATCH",
            "request_parameters": {},
            "request_templates": {},
            "resource_id": "1alw91",
            "rest_api_id": "759uz6lgih",
            "timeout_milliseconds": 29000,
            "tls_config": [],
            "type": "AWS_PROXY",
            "uri": "arn:aws:apigateway:us-east-1:lambda:path/2015-03-31/functions/arn:aws:lambda:us-east-1:072581526228:function:lambda_function_us_east_1/invocations"
          },
          "sensitive_attributes": [],
          "private": "bnVsbA==",
          "dependencies": [
            "module.api_gateway_us_east_1.aws_api_gateway_method.method",
            "module.api_gateway_us_east_1.aws_api_gateway_resource.resource",
            "module.api_gateway_us_east_1.aws_api_gateway_rest_api.api",
            "module.lambda_us_east_1.aws_lambda_function.lambda",
            "module.lambda_us_east_1.data.archive_file.lambda_zip",
            "module.lambda_us_east_1.data.aws_iam_role.existing"
          ]
        }
      ]
    },
    {
      "module": "module.api_gateway_us_east_1",
      "mode": "managed",
      "type": "aws_api_gateway_method",
      "name": "method",
      "provider": "module.api_gateway_us_east_1.provider[\"registry.terraform.io/hashicorp/aws\"]",
      "instances": [
        {
          "schema_version": 0,
          "attributes": {
            "api_key_required": false,
            "authorization": "NONE",
            "authorization_scopes": [],
            "authorizer_id": "",
            "http_method": "ANY",
            "id": "agm-759uz6lgih-1alw91-ANY",
            "operation_name": "",
            "request_models": {},
            "request_parameters": {},
            "request_validator_id": "",
            "resource_id": "1alw91",
            "rest_api_id": "759uz6lgih"
          },
          "sensitive_attributes": [],
          "private": "bnVsbA==",
          "dependencies": [
            "module.api_gateway_us_east_1.aws_api_gateway_resource.resource",
            "module.api_gateway_us_east_1.aws_api_gateway_rest_api.api"
          ]
        }
      ]
    },
    {
      "module": "module.api_gateway_us_east_1",
      "mode": "managed",
      "type": "aws_api_gateway_resource",
      "name": "resource",
      "provider": "module.api_gateway_us_east_1.provider[\"registry.terraform.io/hashicorp/aws\"]",
      "instances": [
        {
          "schema_version": 0,
          "attributes": {
            "id": "1alw91",
            "parent_id": "fmydta0ji1",
            "path": "/{proxy+}",
            "path_part": "{proxy+}",
            "rest_api_id": "759uz6lgih"
          },
          "sensitive_attributes": [],
          "private": "bnVsbA==",
          "dependencies": [
            "module.api_gateway_us_east_1.aws_api_gateway_rest_api.api"
          ]
        }
      ]
    },
    {
      "module": "module.api_gateway_us_east_1",
      "mode": "managed",
      "type": "aws_api_gateway_rest_api",
      "name": "api",
      "provider": "module.api_gateway_us_east_1.provider[\"registry.terraform.io/hashicorp/aws\"]",
      "instances": [
        {
          "schema_version": 0,
          "attributes": {
            "api_key_source": "HEADER",
            "arn": "arn:aws:apigateway:us-east-1::/restapis/759uz6lgih",
            "binary_media_types": [],
            "body": null,
            "created_date": "2023-12-13T10:40:02Z",
            "description": "API for summarization",
            "disable_execute_api_endpoint": false,
            "endpoint_configuration": [
              {
                "types": [
                  "EDGE"
                ],
                "vpc_endpoint_ids": []
              }
            ],
            "execution_arn": "arn:aws:execute-api:us-east-1:072581526228:759uz6lgih",
            "fail_on_warnings": null,
            "id": "759uz6lgih",
            "minimum_compression_size": "",
            "name": "SummarizationAPI",
            "parameters": null,
            "policy": "",
            "put_rest_api_mode": null,
            "root_resource_id": "fmydta0ji1",
            "tags": {},
            "tags_all": {}
          },
          "sensitive_attributes": [],
          "private": "bnVsbA=="
        }
      ]
    },
    {
      "module": "module.api_gateway_us_east_1",
      "mode": "managed",
      "type": "aws_lambda_permission",
      "name": "apigw",
      "provider": "module.api_gateway_us_east_1.provider[\"registry.terraform.io/hashicorp/aws\"]",
      "instances": [
        {
          "schema_version": 0,
          "attributes": {
            "action": "lambda:InvokeFunction",
            "event_source_token": null,
            "function_name": "lambda_function_us_east_1",
            "function_url_auth_type": null,
            "id": "AllowAPIGatewayInvoke",
            "principal": "apigateway.amazonaws.com",
            "principal_org_id": null,
            "qualifier": "",
            "source_account": null,
            "source_arn": "arn:aws:execute-api:us-east-1:072581526228:759uz6lgih/prod/*/*",
            "statement_id": "AllowAPIGatewayInvoke",
            "statement_id_prefix": ""
          },
          "sensitive_attributes": [],
          "private": "bnVsbA==",
          "dependencies": [
            "module.api_gateway_us_east_1.aws_api_gateway_deployment.deployment",
            "module.api_gateway_us_east_1.aws_api_gateway_integration.integration",
            "module.api_gateway_us_east_1.aws_api_gateway_method.method",
            "module.api_gateway_us_east_1.aws_api_gateway_resource.resource",
            "module.api_gateway_us_east_1.aws_api_gateway_rest_api.api",
            "module.lambda_us_east_1.aws_lambda_function.lambda",
            "module.lambda_us_east_1.data.archive_file.lambda_zip",
            "module.lambda_us_east_1.data.aws_iam_role.existing"
          ]
        }
      ]
    },
    {
      "module": "module.api_gateway_us_west_2",
      "mode": "managed",
      "type": "aws_api_gateway_deployment",
      "name": "deployment",
      "provider": "module.api_gateway_us_west_2.provider[\"registry.terraform.io/hashicorp/aws\"]",
      "instances": [
        {
          "schema_version": 0,
          "attributes": {
            "created_date": "2023-12-13T11:56:30Z",
            "description": "",
            "execution_arn": "arn:aws:execute-api:us-west-2:072581526228:owtvirx63d/prod",
            "id": "82t1wq",
            "invoke_url": "https://owtvirx63d.execute-api.us-west-2.amazonaws.com/prod",
            "rest_api_id": "owtvirx63d",
            "stage_description": null,
            "stage_name": "prod",
            "triggers": null,
            "variables": null
          },
          "sensitive_attributes": [],
          "private": "bnVsbA==",
          "dependencies": [
            "module.api_gateway_us_west_2.aws_api_gateway_integration.integration",
            "module.api_gateway_us_west_2.aws_api_gateway_method.method",
            "module.api_gateway_us_west_2.aws_api_gateway_resource.resource",
            "module.api_gateway_us_west_2.aws_api_gateway_rest_api.api",
            "module.lambda_us_west_2.aws_lambda_function.lambda",
            "module.lambda_us_west_2.data.archive_file.lambda_zip",
            "module.lambda_us_west_2.data.aws_iam_role.existing"
          ]
        }
      ]
    },
    {
      "module": "module.api_gateway_us_west_2",
      "mode": "managed",
      "type": "aws_api_gateway_integration",
      "name": "integration",
      "provider": "module.api_gateway_us_west_2.provider[\"registry.terraform.io/hashicorp/aws\"]",
      "instances": [
        {
          "schema_version": 0,
          "attributes": {
            "cache_key_parameters": [],
            "cache_namespace": "dbdbly",
            "connection_id": "",
            "connection_type": "INTERNET",
            "content_handling": "",
            "credentials": "",
            "http_method": "ANY",
            "id": "agi-owtvirx63d-dbdbly-ANY",
            "integration_http_method": "POST",
            "passthrough_behavior": "WHEN_NO_MATCH",
            "request_parameters": {},
            "request_templates": {},
            "resource_id": "dbdbly",
            "rest_api_id": "owtvirx63d",
            "timeout_milliseconds": 29000,
            "tls_config": [],
            "type": "AWS_PROXY",
            "uri": "arn:aws:apigateway:us-west-2:lambda:path/2015-03-31/functions/arn:aws:lambda:us-west-2:072581526228:function:lambda_function_us_west_2/invocations"
          },
          "sensitive_attributes": [],
          "private": "bnVsbA==",
          "dependencies": [
            "module.api_gateway_us_west_2.aws_api_gateway_method.method",
            "module.api_gateway_us_west_2.aws_api_gateway_resource.resource",
            "module.api_gateway_us_west_2.aws_api_gateway_rest_api.api",
            "module.lambda_us_west_2.aws_lambda_function.lambda",
            "module.lambda_us_west_2.data.archive_file.lambda_zip",
            "module.lambda_us_west_2.data.aws_iam_role.existing"
          ]
        }
      ]
    },
    {
      "module": "module.api_gateway_us_west_2",
      "mode": "managed",
      "type": "aws_api_gateway_method",
      "name": "method",
      "provider": "module.api_gateway_us_west_2.provider[\"registry.terraform.io/hashicorp/aws\"]",
      "instances": [
        {
          "schema_version": 0,
          "attributes": {
            "api_key_required": false,
            "authorization": "NONE",
            "authorization_scopes": [],
            "authorizer_id": "",
            "http_method": "ANY",
            "id": "agm-owtvirx63d-dbdbly-ANY",
            "operation_name": "",
            "request_models": {},
            "request_parameters": {},
            "request_validator_id": "",
            "resource_id": "dbdbly",
            "rest_api_id": "owtvirx63d"
          },
          "sensitive_attributes": [],
          "private": "bnVsbA==",
          "dependencies": [
            "module.api_gateway_us_west_2.aws_api_gateway_resource.resource",
            "module.api_gateway_us_west_2.aws_api_gateway_rest_api.api"
          ]
        }
      ]
    },
    {
      "module": "module.api_gateway_us_west_2",
      "mode": "managed",
      "type": "aws_api_gateway_resource",
      "name": "resource",
      "provider": "module.api_gateway_us_west_2.provider[\"registry.terraform.io/hashicorp/aws\"]",
      "instances": [
        {
          "schema_version": 0,
          "attributes": {
            "id": "dbdbly",
            "parent_id": "wkilwxszs6",
            "path": "/{proxy+}",
            "path_part": "{proxy+}",
            "rest_api_id": "owtvirx63d"
          },
          "sensitive_attributes": [],
          "private": "bnVsbA==",
          "dependencies": [
            "module.api_gateway_us_west_2.aws_api_gateway_rest_api.api"
          ]
        }
      ]
    },
    {
      "module": "module.api_gateway_us_west_2",
      "mode": "managed",
      "type": "aws_api_gateway_rest_api",
      "name": "api",
      "provider": "module.api_gateway_us_west_2.provider[\"registry.terraform.io/hashicorp/aws\"]",
      "instances": [
        {
          "schema_version": 0,
          "attributes": {
            "api_key_source": "HEADER",
            "arn": "arn:aws:apigateway:us-west-2::/restapis/owtvirx63d",
            "binary_media_types": [],
            "body": null,
            "created_date": "2023-12-13T10:40:03Z",
            "description": "API for summarization",
            "disable_execute_api_endpoint": false,
            "endpoint_configuration": [
              {
                "types": [
                  "EDGE"
                ],
                "vpc_endpoint_ids": []
              }
            ],
            "execution_arn": "arn:aws:execute-api:us-west-2:072581526228:owtvirx63d",
            "fail_on_warnings": null,
            "id": "owtvirx63d",
            "minimum_compression_size": "",
            "name": "SummarizationAPI",
            "parameters": null,
            "policy": "",
            "put_rest_api_mode": null,
            "root_resource_id": "wkilwxszs6",
            "tags": {},
            "tags_all": {}
          },
          "sensitive_attributes": [],
          "private": "bnVsbA=="
        }
      ]
    },
    {
      "module": "module.api_gateway_us_west_2",
      "mode": "managed",
      "type": "aws_lambda_permission",
      "name": "apigw",
      "provider": "module.api_gateway_us_west_2.provider[\"registry.terraform.io/hashicorp/aws\"]",
      "instances": [
        {
          "schema_version": 0,
          "attributes": {
            "action": "lambda:InvokeFunction",
            "event_source_token": null,
            "function_name": "lambda_function_us_west_2",
            "function_url_auth_type": null,
            "id": "AllowAPIGatewayInvoke",
            "principal": "apigateway.amazonaws.com",
            "principal_org_id": null,
            "qualifier": "",
            "source_account": null,
            "source_arn": "arn:aws:execute-api:us-west-2:072581526228:owtvirx63d/prod/*/*",
            "statement_id": "AllowAPIGatewayInvoke",
            "statement_id_prefix": ""
          },
          "sensitive_attributes": [],
          "private": "bnVsbA==",
          "dependencies": [
            "module.api_gateway_us_west_2.aws_api_gateway_deployment.deployment",
            "module.api_gateway_us_west_2.aws_api_gateway_integration.integration",
            "module.api_gateway_us_west_2.aws_api_gateway_method.method",
            "module.api_gateway_us_west_2.aws_api_gateway_resource.resource",
            "module.api_gateway_us_west_2.aws_api_gateway_rest_api.api",
            "module.lambda_us_west_2.aws_lambda_function.lambda",
            "module.lambda_us_west_2.data.archive_file.lambda_zip",
            "module.lambda_us_west_2.data.aws_iam_role.existing"
          ]
        }
      ]
    },
    {
      "module": "module.lambda_us_east_1",
      "mode": "data",
      "type": "archive_file",
      "name": "lambda_zip",
      "provider": "provider[\"registry.terraform.io/hashicorp/archive\"]",
      "instances": [
        {
          "schema_version": 0,
          "attributes": {
            "exclude_symlink_directories": null,
            "excludes": null,
            "id": "b049e5dc09b1a045ba243c708c0ad85637922dbf",
            "output_base64sha256": "fboo2ggEbE78ezxvcU5UXrZiaWjIl0DKVxGvkDGt9UA=",
            "output_base64sha512": "crw8keK5PRe/g8GMPmNYX+AfIY0WW3eaImWi144ycbUKY7sgzdmt6K7b8Dc1yk7BatpX2+smRhJ5GlCHUYJgkA==",
            "output_file_mode": null,
            "output_md5": "7d05521d62dd9a7a6c5fa270f5c01658",
            "output_path": "lambda.zip",
            "output_sha": "b049e5dc09b1a045ba243c708c0ad85637922dbf",
            "output_sha256": "7dba28da08046c4efc7b3c6f714e545eb6626968c89740ca5711af9031adf540",
            "output_sha512": "72bc3c91e2b93d17bf83c18c3e63585fe01f218d165b779a2265a2d78e3271b50a63bb20cdd9ade8aedbf03735ca4ec16ada57dbeb264612791a508751826090",
            "output_size": 729,
            "source": [],
            "source_content": null,
            "source_content_filename": null,
            "source_dir": "../lambda_function",
            "source_file": null,
            "type": "zip"
          },
          "sensitive_attributes": []
        }
      ]
    },
    {
      "module": "module.lambda_us_east_1",
      "mode": "data",
      "type": "aws_iam_role",
      "name": "existing",
      "provider": "module.lambda_us_east_1.provider[\"registry.terraform.io/hashicorp/aws\"]",
      "instances": [
        {
          "schema_version": 0,
          "attributes": {
            "arn": "arn:aws:iam::072581526228:role/LabRole",
            "assume_role_policy": "{\"Version\":\"2012-10-17\",\"Statement\":[{\"Effect\":\"Allow\",\"Principal\":{\"AWS\":\"arn:aws:iam::072581526228:role/LabRole\",\"Service\":[\"kinesis.amazonaws.com\",\"backup.amazonaws.com\",\"kinesisanalytics.amazonaws.com\",\"rds.amazonaws.com\",\"forecast.amazonaws.com\",\"cognito-idp.amazonaws.com\",\"dynamodb.amazonaws.com\",\"deepracer.amazonaws.com\",\"databrew.amazonaws.com\",\"sagemaker.amazonaws.com\",\"autoscaling.amazonaws.com\",\"datapipeline.amazonaws.com\",\"servicecatalog.amazonaws.com\",\"eks-fargate-pods.amazonaws.com\",\"resource-groups.amazonaws.com\",\"elasticloadbalancing.amazonaws.com\",\"iot.amazonaws.com\",\"ec2.application-autoscaling.amazonaws.com\",\"cloudformation.amazonaws.com\",\"application-autoscaling.amazonaws.com\",\"lambda.amazonaws.com\",\"iotanalytics.amazonaws.com\",\"sns.amazonaws.com\",\"s3.amazonaws.com\",\"apigateway.amazonaws.com\",\"codedeploy.amazonaws.com\",\"eks.amazonaws.com\",\"sqs.amazonaws.com\",\"elasticfilesystem.amazonaws.com\",\"rekognition.amazonaws.com\",\"kendra.amazonaws.com\",\"secretsmanager.amazonaws.com\",\"personalize.amazonaws.com\",\"cloud9.amazonaws.com\",\"redshift.amazonaws.com\",\"cloudfront.amazonaws.com\",\"athena.amazonaws.com\",\"ec2.amazonaws.com\",\"glue.amazonaws.com\",\"codewhisperer.amazonaws.com\",\"kms.amazonaws.com\",\"ssm.amazonaws.com\",\"lex.amazonaws.com\",\"credentials.iot.amazonaws.com\",\"elasticmapreduce.amazonaws.com\",\"ecs-tasks.amazonaws.com\",\"storagegateway.amazonaws.com\",\"codecommit.amazonaws.com\",\"quicksight.amazonaws.com\",\"iotevents.amazonaws.com\",\"batch.amazonaws.com\",\"scheduler.amazonaws.com\",\"robomaker.amazonaws.com\",\"cloudtrail.amazonaws.com\",\"logs.amazonaws.com\",\"states.amazonaws.com\",\"firehose.amazonaws.com\",\"events.amazonaws.com\",\"elasticbeanstalk.amazonaws.com\"]},\"Action\":\"sts:AssumeRole\"}]}",
            "create_date": "2023-11-29T08:15:04Z",
            "description": "",
            "id": "LabRole",
            "max_session_duration": 3600,
            "name": "LabRole",
            "path": "/",
            "permissions_boundary": "",
            "role_last_used": [
              {
                "last_used_date": "2023-12-13T11:47:01Z",
                "region": "us-east-1"
              }
            ],
            "tags": {
              "cloudlab": "c102111a2339460l5371462t1w072581526228"
            },
            "unique_id": "AROARBZRSGLKEVNZKIGPA"
          },
          "sensitive_attributes": []
        }
      ]
    },
    {
      "module": "module.lambda_us_east_1",
      "mode": "managed",
      "type": "aws_lambda_function",
      "name": "lambda",
      "provider": "module.lambda_us_east_1.provider[\"registry.terraform.io/hashicorp/aws\"]",
      "instances": [
        {
          "schema_version": 0,
          "attributes": {
            "architectures": [
              "x86_64"
            ],
            "arn": "arn:aws:lambda:us-east-1:072581526228:function:lambda_function_us_east_1",
            "code_signing_config_arn": "",
            "dead_letter_config": [],
            "description": "",
            "environment": [],
            "ephemeral_storage": [
              {
                "size": 512
              }
            ],
            "file_system_config": [],
            "filename": "lambda.zip",
            "function_name": "lambda_function_us_east_1",
            "handler": "lambda.lambda_handler",
            "id": "lambda_function_us_east_1",
            "image_config": [],
            "image_uri": "",
            "invoke_arn": "arn:aws:apigateway:us-east-1:lambda:path/2015-03-31/functions/arn:aws:lambda:us-east-1:072581526228:function:lambda_function_us_east_1/invocations",
            "kms_key_arn": "",
            "last_modified": "2023-12-13T12:12:33.000+0000",
            "layers": [],
            "memory_size": 128,
            "package_type": "Zip",
            "publish": false,
            "qualified_arn": "arn:aws:lambda:us-east-1:072581526228:function:lambda_function_us_east_1:$LATEST",
            "qualified_invoke_arn": "arn:aws:apigateway:us-east-1:lambda:path/2015-03-31/functions/arn:aws:lambda:us-east-1:072581526228:function:lambda_function_us_east_1:$LATEST/invocations",
            "replace_security_groups_on_destroy": null,
            "replacement_security_group_ids": null,
            "reserved_concurrent_executions": -1,
            "role": "arn:aws:iam::072581526228:role/LabRole",
            "runtime": "python3.9",
            "s3_bucket": null,
            "s3_key": null,
            "s3_object_version": null,
            "signing_job_arn": "",
            "signing_profile_version_arn": "",
            "skip_destroy": false,
            "snap_start": [],
            "source_code_hash": "wCdClF4CtCdov24uk1leUfeQoZ3ODbzG2dcWvoxv1NE=",
            "source_code_size": 694,
            "tags": {},
            "tags_all": {},
            "timeout": 900,
            "timeouts": null,
            "tracing_config": [
              {
                "mode": "PassThrough"
              }
            ],
            "version": "$LATEST",
            "vpc_config": []
          },
          "sensitive_attributes": [],
          "private": "eyJlMmJmYjczMC1lY2FhLTExZTYtOGY4OC0zNDM2M2JjN2M0YzAiOnsiY3JlYXRlIjo2MDAwMDAwMDAwMDAsImRlbGV0ZSI6NjAwMDAwMDAwMDAwLCJ1cGRhdGUiOjYwMDAwMDAwMDAwMH19",
          "dependencies": [
            "module.lambda_us_east_1.data.archive_file.lambda_zip",
            "module.lambda_us_east_1.data.aws_iam_role.existing"
          ]
        }
      ]
    },
    {
      "module": "module.lambda_us_west_2",
      "mode": "data",
      "type": "archive_file",
      "name": "lambda_zip",
      "provider": "provider[\"registry.terraform.io/hashicorp/archive\"]",
      "instances": [
        {
          "schema_version": 0,
          "attributes": {
            "exclude_symlink_directories": null,
            "excludes": null,
            "id": "b049e5dc09b1a045ba243c708c0ad85637922dbf",
            "output_base64sha256": "fboo2ggEbE78ezxvcU5UXrZiaWjIl0DKVxGvkDGt9UA=",
            "output_base64sha512": "crw8keK5PRe/g8GMPmNYX+AfIY0WW3eaImWi144ycbUKY7sgzdmt6K7b8Dc1yk7BatpX2+smRhJ5GlCHUYJgkA==",
            "output_file_mode": null,
            "output_md5": "7d05521d62dd9a7a6c5fa270f5c01658",
            "output_path": "lambda.zip",
            "output_sha": "b049e5dc09b1a045ba243c708c0ad85637922dbf",
            "output_sha256": "7dba28da08046c4efc7b3c6f714e545eb6626968c89740ca5711af9031adf540",
            "output_sha512": "72bc3c91e2b93d17bf83c18c3e63585fe01f218d165b779a2265a2d78e3271b50a63bb20cdd9ade8aedbf03735ca4ec16ada57dbeb264612791a508751826090",
            "output_size": 729,
            "source": [],
            "source_content": null,
            "source_content_filename": null,
            "source_dir": "../lambda_function",
            "source_file": null,
            "type": "zip"
          },
          "sensitive_attributes": []
        }
      ]
    },
    {
      "module": "module.lambda_us_west_2",
      "mode": "data",
      "type": "aws_iam_role",
      "name": "existing",
      "provider": "module.lambda_us_west_2.provider[\"registry.terraform.io/hashicorp/aws\"]",
      "instances": [
        {
          "schema_version": 0,
          "attributes": {
            "arn": "arn:aws:iam::072581526228:role/LabRole",
            "assume_role_policy": "{\"Version\":\"2012-10-17\",\"Statement\":[{\"Effect\":\"Allow\",\"Principal\":{\"Service\":[\"backup.amazonaws.com\",\"s3.amazonaws.com\",\"apigateway.amazonaws.com\",\"kinesis.amazonaws.com\",\"firehose.amazonaws.com\",\"sagemaker.amazonaws.com\",\"autoscaling.amazonaws.com\",\"elasticmapreduce.amazonaws.com\",\"resource-groups.amazonaws.com\",\"servicecatalog.amazonaws.com\",\"kinesisanalytics.amazonaws.com\",\"eks-fargate-pods.amazonaws.com\",\"dynamodb.amazonaws.com\",\"cognito-idp.amazonaws.com\",\"rds.amazonaws.com\",\"forecast.amazonaws.com\",\"quicksight.amazonaws.com\",\"deepracer.amazonaws.com\",\"rekognition.amazonaws.com\",\"kms.amazonaws.com\",\"ssm.amazonaws.com\",\"lambda.amazonaws.com\",\"athena.amazonaws.com\",\"iotanalytics.amazonaws.com\",\"redshift.amazonaws.com\",\"sns.amazonaws.com\",\"databrew.amazonaws.com\",\"secretsmanager.amazonaws.com\",\"codedeploy.amazonaws.com\",\"sqs.amazonaws.com\",\"elasticfilesystem.amazonaws.com\",\"cloudformation.amazonaws.com\",\"ec2.application-autoscaling.amazonaws.com\",\"elasticloadbalancing.amazonaws.com\",\"application-autoscaling.amazonaws.com\",\"cloudfront.amazonaws.com\",\"logs.amazonaws.com\",\"eks.amazonaws.com\",\"personalize.amazonaws.com\",\"glue.amazonaws.com\",\"credentials.iot.amazonaws.com\",\"cloudtrail.amazonaws.com\",\"cloud9.amazonaws.com\",\"ec2.amazonaws.com\",\"lex.amazonaws.com\",\"kendra.amazonaws.com\",\"iot.amazonaws.com\",\"codewhisperer.amazonaws.com\",\"elasticbeanstalk.amazonaws.com\",\"datapipeline.amazonaws.com\",\"ecs-tasks.amazonaws.com\",\"storagegateway.amazonaws.com\",\"codecommit.amazonaws.com\",\"iotevents.amazonaws.com\",\"batch.amazonaws.com\",\"scheduler.amazonaws.com\",\"events.amazonaws.com\",\"robomaker.amazonaws.com\",\"states.amazonaws.com\"],\"AWS\":\"arn:aws:iam::072581526228:role/LabRole\"},\"Action\":\"sts:AssumeRole\"}]}",
            "create_date": "2023-11-29T08:15:04Z",
            "description": "",
            "id": "LabRole",
            "max_session_duration": 3600,
            "name": "LabRole",
            "path": "/",
            "permissions_boundary": "",
            "role_last_used": [
              {
                "last_used_date": "2023-12-13T11:47:01Z",
                "region": "us-east-1"
              }
            ],
            "tags": {
              "cloudlab": "c102111a2339460l5371462t1w072581526228"
            },
            "unique_id": "AROARBZRSGLKEVNZKIGPA"
          },
          "sensitive_attributes": []
        }
      ]
    },
    {
      "module": "module.lambda_us_west_2",
      "mode": "managed",
      "type": "aws_lambda_function",
      "name": "lambda",
      "provider": "module.lambda_us_west_2.provider[\"registry.terraform.io/hashicorp/aws\"]",
      "instances": [
        {
          "schema_version": 0,
          "attributes": {
            "architectures": [
              "x86_64"
            ],
            "arn": "arn:aws:lambda:us-west-2:072581526228:function:lambda_function_us_west_2",
            "code_signing_config_arn": "",
            "dead_letter_config": [],
            "description": "",
            "environment": [],
            "ephemeral_storage": [
              {
                "size": 512
              }
            ],
            "file_system_config": [],
            "filename": "lambda.zip",
            "function_name": "lambda_function_us_west_2",
            "handler": "lambda.lambda_handler",
            "id": "lambda_function_us_west_2",
            "image_config": [],
            "image_uri": "",
            "invoke_arn": "arn:aws:apigateway:us-west-2:lambda:path/2015-03-31/functions/arn:aws:lambda:us-west-2:072581526228:function:lambda_function_us_west_2/invocations",
            "kms_key_arn": "",
            "last_modified": "2023-12-13T12:12:33.000+0000",
            "layers": [],
            "memory_size": 128,
            "package_type": "Zip",
            "publish": false,
            "qualified_arn": "arn:aws:lambda:us-west-2:072581526228:function:lambda_function_us_west_2:$LATEST",
            "qualified_invoke_arn": "arn:aws:apigateway:us-west-2:lambda:path/2015-03-31/functions/arn:aws:lambda:us-west-2:072581526228:function:lambda_function_us_west_2:$LATEST/invocations",
            "replace_security_groups_on_destroy": null,
            "replacement_security_group_ids": null,
            "reserved_concurrent_executions": -1,
            "role": "arn:aws:iam::072581526228:role/LabRole",
            "runtime": "python3.9",
            "s3_bucket": null,
            "s3_key": null,
            "s3_object_version": null,
            "signing_job_arn": "",
            "signing_profile_version_arn": "",
            "skip_destroy": false,
            "snap_start": [],
            "source_code_hash": "vXwqtHe0pS83peFVarXDCPcfew4EYlzukWKKNQl35JY=",
            "source_code_size": 721,
            "tags": {},
            "tags_all": {},
            "timeout": 900,
            "timeouts": null,
            "tracing_config": [
              {
                "mode": "PassThrough"
              }
            ],
            "version": "$LATEST",
            "vpc_config": []
          },
          "sensitive_attributes": [],
          "private": "eyJlMmJmYjczMC1lY2FhLTExZTYtOGY4OC0zNDM2M2JjN2M0YzAiOnsiY3JlYXRlIjo2MDAwMDAwMDAwMDAsImRlbGV0ZSI6NjAwMDAwMDAwMDAwLCJ1cGRhdGUiOjYwMDAwMDAwMDAwMH19",
          "dependencies": [
            "module.lambda_us_west_2.data.archive_file.lambda_zip",
            "module.lambda_us_west_2.data.aws_iam_role.existing"
          ]
        }
      ]
    },
    {
      "module": "module.sagemaker",
      "mode": "data",
      "type": "aws_iam_role",
      "name": "labrole",
      "provider": "module.sagemaker.provider[\"registry.terraform.io/hashicorp/aws\"]",
      "instances": [
        {
          "schema_version": 0,
          "attributes": {
            "arn": "arn:aws:iam::072581526228:role/LabRole",
            "assume_role_policy": "{\"Version\":\"2012-10-17\",\"Statement\":[{\"Effect\":\"Allow\",\"Principal\":{\"Service\":[\"servicecatalog.amazonaws.com\",\"events.amazonaws.com\",\"kinesisanalytics.amazonaws.com\",\"backup.amazonaws.com\",\"forecast.amazonaws.com\",\"dynamodb.amazonaws.com\",\"rds.amazonaws.com\",\"datapipeline.amazonaws.com\",\"iotanalytics.amazonaws.com\",\"kinesis.amazonaws.com\",\"databrew.amazonaws.com\",\"sns.amazonaws.com\",\"s3.amazonaws.com\",\"scheduler.amazonaws.com\",\"ecs-tasks.amazonaws.com\",\"sagemaker.amazonaws.com\",\"quicksight.amazonaws.com\",\"states.amazonaws.com\",\"elasticmapreduce.amazonaws.com\",\"deepracer.amazonaws.com\",\"eks-fargate-pods.amazonaws.com\",\"cognito-idp.amazonaws.com\",\"logs.amazonaws.com\",\"glue.amazonaws.com\",\"cloudtrail.amazonaws.com\",\"firehose.amazonaws.com\",\"codecommit.amazonaws.com\",\"iotevents.amazonaws.com\",\"storagegateway.amazonaws.com\",\"codedeploy.amazonaws.com\",\"secretsmanager.amazonaws.com\",\"codewhisperer.amazonaws.com\",\"sqs.amazonaws.com\",\"lex.amazonaws.com\",\"kendra.amazonaws.com\",\"eks.amazonaws.com\",\"elasticbeanstalk.amazonaws.com\",\"credentials.iot.amazonaws.com\",\"ssm.amazonaws.com\",\"kms.amazonaws.com\",\"redshift.amazonaws.com\",\"robomaker.amazonaws.com\",\"cloud9.amazonaws.com\",\"batch.amazonaws.com\",\"autoscaling.amazonaws.com\",\"resource-groups.amazonaws.com\",\"apigateway.amazonaws.com\",\"elasticfilesystem.amazonaws.com\",\"cloudformation.amazonaws.com\",\"iot.amazonaws.com\",\"elasticloadbalancing.amazonaws.com\",\"application-autoscaling.amazonaws.com\",\"ec2.application-autoscaling.amazonaws.com\",\"personalize.amazonaws.com\",\"cloudfront.amazonaws.com\",\"rekognition.amazonaws.com\",\"athena.amazonaws.com\",\"lambda.amazonaws.com\",\"ec2.amazonaws.com\"],\"AWS\":\"arn:aws:iam::072581526228:role/LabRole\"},\"Action\":\"sts:AssumeRole\"}]}",
            "create_date": "2023-11-29T08:15:04Z",
            "description": "",
            "id": "LabRole",
            "max_session_duration": 3600,
            "name": "LabRole",
            "path": "/",
            "permissions_boundary": "",
            "role_last_used": [
              {
                "last_used_date": "2023-12-13T11:47:01Z",
                "region": "us-east-1"
              }
            ],
            "tags": {
              "cloudlab": "c102111a2339460l5371462t1w072581526228"
            },
            "unique_id": "AROARBZRSGLKEVNZKIGPA"
          },
          "sensitive_attributes": []
        }
      ]
    },
    {
      "module": "module.sagemaker",
      "mode": "managed",
      "type": "aws_sagemaker_endpoint",
      "name": "myendpoint",
      "provider": "module.sagemaker.provider[\"registry.terraform.io/hashicorp/aws\"]",
      "instances": [
        {
          "schema_version": 0,
          "attributes": {
            "arn": "arn:aws:sagemaker:us-east-1:072581526228:endpoint/summarizer-endpoint",
            "deployment_config": [],
            "endpoint_config_name": "summarizer-endpoint-config",
            "id": "summarizer-endpoint",
            "name": "summarizer-endpoint",
            "tags": {},
            "tags_all": {}
          },
          "sensitive_attributes": [],
          "private": "bnVsbA==",
          "dependencies": [
            "module.sagemaker.aws_sagemaker_endpoint_configuration.myconfig",
            "module.sagemaker.aws_sagemaker_model.mymodel",
            "module.sagemaker.data.aws_iam_role.labrole"
          ]
        }
      ]
    },
    {
      "module": "module.sagemaker",
      "mode": "managed",
      "type": "aws_sagemaker_endpoint_configuration",
      "name": "myconfig",
      "provider": "module.sagemaker.provider[\"registry.terraform.io/hashicorp/aws\"]",
      "instances": [
        {
          "schema_version": 0,
          "attributes": {
            "arn": "arn:aws:sagemaker:us-east-1:072581526228:endpoint-config/summarizer-endpoint-config",
            "async_inference_config": [],
            "data_capture_config": [],
            "id": "summarizer-endpoint-config",
            "kms_key_arn": "",
            "name": "summarizer-endpoint-config",
            "name_prefix": "",
            "production_variants": [
              {
                "accelerator_type": "",
                "container_startup_health_check_timeout_in_seconds": 0,
                "core_dump_config": [],
                "enable_ssm_access": false,
                "initial_instance_count": 1,
                "initial_variant_weight": 1,
                "instance_type": "ml.p2.xlarge",
                "model_data_download_timeout_in_seconds": 0,
                "model_name": "huggingface-summarization-distilbart-cnn-6-6",
                "serverless_config": [],
                "variant_name": "variant-1",
                "volume_size_in_gb": 0
              }
            ],
            "shadow_production_variants": [],
            "tags": {},
            "tags_all": {}
          },
          "sensitive_attributes": [],
          "private": "bnVsbA==",
          "dependencies": [
            "module.sagemaker.aws_sagemaker_model.mymodel",
            "module.sagemaker.data.aws_iam_role.labrole"
          ]
        }
      ]
    },
    {
      "module": "module.sagemaker",
      "mode": "managed",
      "type": "aws_sagemaker_model",
      "name": "mymodel",
      "provider": "module.sagemaker.provider[\"registry.terraform.io/hashicorp/aws\"]",
      "instances": [
        {
          "schema_version": 0,
          "attributes": {
            "arn": "arn:aws:sagemaker:us-east-1:072581526228:model/huggingface-summarization-distilbart-cnn-6-6",
            "container": [],
            "enable_network_isolation": false,
            "execution_role_arn": "arn:aws:iam::072581526228:role/LabRole",
            "id": "huggingface-summarization-distilbart-cnn-6-6",
            "inference_execution_config": [],
            "name": "huggingface-summarization-distilbart-cnn-6-6",
            "primary_container": [
              {
                "container_hostname": "",
                "environment": {},
                "image": "763104351884.dkr.ecr.us-east-1.amazonaws.com/huggingface-pytorch-inference:1.13.1-transformers4.26.0-gpu-py39-cu117-ubuntu20.04",
                "image_config": [],
                "mode": "SingleModel",
                "model_data_source": [
                  {
                    "s3_data_source": [
                      {
                        "compression_type": "Gzip",
                        "s3_data_type": "S3Object",
                        "s3_uri": "s3://jumpstart-cache-prod-us-east-1/huggingface-infer/prepack/v1.0.0/infer-prepack-huggingface-summarization-distilbart-cnn-6-6.tar.gz"
                      }
                    ]
                  }
                ],
                "model_data_url": "s3://jumpstart-cache-prod-us-east-1/huggingface-infer/prepack/v1.0.0/infer-prepack-huggingface-summarization-distilbart-cnn-6-6.tar.gz",
                "model_package_name": ""
              }
            ],
            "tags": {},
            "tags_all": {},
            "vpc_config": []
          },
          "sensitive_attributes": [],
          "private": "bnVsbA==",
          "dependencies": [
            "module.sagemaker.data.aws_iam_role.labrole"
          ]
        }
      ]
    }
  ],
  "check_results": null
}
